{
  "version": 4,
  "terraform_version": "1.6.3",
  "serial": 1355,
  "lineage": "e1757a58-22e4-67f6-ad73-e513ea782034",
  "outputs": {
    "cluster_name": {
      "value": "k8s-cluster-dev",
      "type": "string"
    }
  },
  "resources": [
    {
      "mode": "data",
      "type": "google_client_config",
      "name": "default",
      "provider": "provider[\"registry.terraform.io/hashicorp/google\"]",
      "instances": [
        {
          "schema_version": 0,
          "attributes": {
            "access_token": "ya29.a0AfB_byCF2t1LQuJRUeT9hvyrO03NNyySDIfj90dVhylxnbUIIzrIQra4Z8Kbmv6KCyWtIL1llVZ56giUxpcO3f6nVU1tOhAfRLkmqFppd56GOhWnz_oj6biZyybxgDhu6MTE_vx8-X_6wMlD_IpVItH66u9IrWtgn3uqhMgaCgYKAeESARASFQGOcNnCYd5Zh6rQDbFt1KohBKH_tw0174",
            "id": "projects//regions//zones/",
            "project": "",
            "region": "",
            "zone": ""
          },
          "sensitive_attributes": []
        }
      ]
    },
    {
      "mode": "managed",
      "type": "google_compute_firewall",
      "name": "allow-all-ingress",
      "provider": "provider[\"registry.terraform.io/hashicorp/google\"]",
      "instances": [
        {
          "schema_version": 1,
          "attributes": {
            "allow": [
              {
                "ports": [],
                "protocol": "all"
              }
            ],
            "creation_timestamp": "2023-11-05T21:21:01.937-08:00",
            "deny": [],
            "description": "Allows all incoming traffic",
            "destination_ranges": [],
            "direction": "INGRESS",
            "disabled": false,
            "enable_logging": null,
            "id": "projects/k8s-cluster-398616/global/firewalls/allow-all-ingress",
            "log_config": [],
            "name": "allow-all-ingress",
            "network": "https://www.googleapis.com/compute/v1/projects/k8s-cluster-398616/global/networks/gke-network-dev",
            "priority": 100,
            "project": "k8s-cluster-398616",
            "self_link": "https://www.googleapis.com/compute/v1/projects/k8s-cluster-398616/global/firewalls/allow-all-ingress",
            "source_ranges": [
              "0.0.0.0/0"
            ],
            "source_service_accounts": null,
            "source_tags": null,
            "target_service_accounts": null,
            "target_tags": null,
            "timeouts": null
          },
          "sensitive_attributes": [],
          "private": "eyJlMmJmYjczMC1lY2FhLTExZTYtOGY4OC0zNDM2M2JjN2M0YzAiOnsiY3JlYXRlIjoxMjAwMDAwMDAwMDAwLCJkZWxldGUiOjEyMDAwMDAwMDAwMDAsInVwZGF0ZSI6MTIwMDAwMDAwMDAwMH0sInNjaGVtYV92ZXJzaW9uIjoiMSJ9",
          "dependencies": [
            "module.gcp-network.module.vpc.google_compute_network.network"
          ]
        }
      ]
    },
    {
      "mode": "managed",
      "type": "local_file",
      "name": "kubeconfig",
      "provider": "provider[\"registry.terraform.io/hashicorp/local\"]",
      "instances": [
        {
          "schema_version": 0,
          "attributes": {
            "content": "apiVersion: v1\nclusters:\n- cluster:\n    certificate-authority-data: LS0tLS1CRUdJTiBDRVJUSUZJQ0FURS0tLS0tCk1JSUVMVENDQXBXZ0F3SUJBZ0lSQU9QZnNZaERHMUh4Wnp5ZFZ2T2F3Wjh3RFFZSktvWklodmNOQVFFTEJRQXcKTHpFdE1Dc0dBMVVFQXhNa1lUTmlNR1l4TkdZdE5qTTJNUzAwTVRkaUxUazRNMkV0TkdGallUbGhaamM1TkRaaApNQ0FYRFRJek1URXdOakEwTWpJeE5Wb1lEekl3TlRNeE1ESTVNRFV5TWpFMVdqQXZNUzB3S3dZRFZRUURFeVJoCk0ySXdaakUwWmkwMk16WXhMVFF4TjJJdE9UZ3pZUzAwWVdOaE9XRm1OemswTm1Fd2dnR2lNQTBHQ1NxR1NJYjMKRFFFQkFRVUFBNElCandBd2dnR0tBb0lCZ1FDYURJamNOLzFlNTNRZnZlWC9UenE3UzN2OE1CV1FzanF6dUFhYwpsVDZENVZjeUpDb2lJNnhlTWdZbHdNcGpFcFNlSTY4c0RhUk5pL1R5eE1abi9PN0gvbXRkNCt2Z3ZndHJaR2tWCndCNy91amJTalpaNjh0alRqM25GUEFXcVZNQ2N0STRNMVNVOC9KeVpkYWhrUkpkcmE5cmVHYlQ3UWllcEFJY3oKTXFMYnRXUitWU09vZDQ2UVp3MGtnY21rSlNtcERVWFYxQVdaY2dKa2dHUkpiWmExUkRSbEl2cnBRblJuNmZUSgphZXVSZlQvVEpiVEovVENKNGhteWUvUVlWaVZLQzg1TEY2UmhlZlN5Q1JDTUgzRHhNMkxjL2ZiT1ZrRVlFWTRyClMvMFpCWUdreGllSEtjaCtJNGlUai9xRm5RRXgvall2Uyt5MnVHeHAwS1hRQWNnN01pYUFZblNya3B6TTF4cjgKM0svVlNoM1VxZm5kMk5QU0NSSEIzTW5lTTU1bkxWOGlnT1R2Y1FGMm1ZaEdHRHVKVlVMcnkrakxQakNqbk5ISgpaUWRnaEZaZFFHbm1MVllIMGVXRXN0Y1pJUmNpb0Z6WkZLUElSQ1BGL2N4S3JaTjQ3dDBuTUVVaEUxMlJmOVFtCjN5RTVwS3A2WTJyYTdaZ3ZHQm5WdTBhTk1uY0NBd0VBQWFOQ01FQXdEZ1lEVlIwUEFRSC9CQVFEQWdJRU1BOEcKQTFVZEV3RUIvd1FGTUFNQkFmOHdIUVlEVlIwT0JCWUVGSDRCYk5NZkx3MmJrMmppd2t5ZUVMN1RFenJzTUEwRwpDU3FHU0liM0RRRUJDd1VBQTRJQmdRQjJ2MHQwZTJWTGtWc21STUJZdXY4WUZvL2V5dXRFUnRka1RZd3lqLzJHCkVPVHR2UlR6Rk8yLzl2QmxzcFRvbGFRU0RTaUpzNnBmNUxVQ0NNRkFIN1BQOUZYMzFpaGV0MUNETWtaenF1UzcKbE5FeURJSFd3bUZrUUQ3QnJqOHc0bXg3VXZwaXpXNjR4QjFDYXVDbDA2cnJMM1dXR1JTTUIva3NDcWJ3ZEtySwowOE9tYWJleFd0OEJiRGNtK2RUNzdpdnFuenRsaXF4aWRRTGlPbGFLQ2FhR0E1OWM5YjJqaDZHSDh4OThUbFlSCmFVdGo5UDU1NEtXVVFMY0hWR05ScGkxUzlyQ0ZtRnZTb0pxeXo2Y0Q1ZXkzeVp5a0ZZZldCTm5ORExRSXJ3TGMKWEhsWkxqcFBaWGlKTEFhM1R4SkZ4ZlVlTVI3cEVaMCtVM2hmNEt0azBod0JzZjIxUThFVDNZK2xvWGx4aFlRWQpUdXhBSVIrVXpSVktjYWV6YlpKaUhnTmVuc1JCRkhoQ3Z0NVROcjBFU2h3eTFiM0JNZXZVYUdFcDI4T21qamtzCnpSM3BMRWtlRTZIQ0xWR2Izbk8rMTR0SStScU80THpCbWRRUkJjL0pES3JpMVJDZ2dTV3drc0xhdm9DR3lMdisKRitudlpnQ1NEYW01N2FFTVJsNnNQRFk9Ci0tLS0tRU5EIENFUlRJRklDQVRFLS0tLS0K\n    server: https://34.131.36.67\n  name: k8s-cluster-dev\ncontexts:\n- context:\n    cluster: k8s-cluster-dev\n    user: k8s-cluster-dev\n  name: k8s-cluster-dev\ncurrent-context: k8s-cluster-dev\nkind: Config\npreferences: {}\nusers:\n- name: k8s-cluster-dev\n  user:\n    token: ya29.a0AfB_byBgiYriB42v_na0obJ6JbgRGztHwja8OLTkdBK_Igh9GXYv2fQ5LQXCFa3lNjwxJSWkJ4zNZQuc4fWe3ao0gWNO0CwD8aY2aEQ3suvasgc-jl_XDOz_ikKWb4C4dsmoTYqJqc1QNiBSduMAaSYmhieBFXXIHI63GGYaCgYKAXcSARASFQGOcNnCEeyL0L4gv2XOyFLfGd1jxQ0174\n",
            "content_base64": null,
            "content_base64sha256": "uFh53S5bGfnRky++TZiSqqbhp20fFsed52FyQMclrfA=",
            "content_base64sha512": "5GZ2jywFihPkwreJ1AoYF9grTYMxzRP5npLBFGZGE0sWgOB1JVn7iJUn98HPjufwUw162dUr9jpwjA/hJ5dp3A==",
            "content_md5": "bedabb8e90b31789696de407f0bf4f87",
            "content_sha1": "068b4d3e387baae6b4fc5995826e47d75a1062ff",
            "content_sha256": "b85879dd2e5b19f9d1932fbe4d9892aaa6e1a76d1f16c79de7617240c725adf0",
            "content_sha512": "e466768f2c058a13e4c2b789d40a1817d82b4d8331cd13f99e92c1146646134b1680e0752559fb889527f7c1cf8ee7f0530d7ad9d52bf63a708c0fe1279769dc",
            "directory_permission": "0777",
            "file_permission": "0777",
            "filename": "kubeconfig-dev",
            "id": "068b4d3e387baae6b4fc5995826e47d75a1062ff",
            "sensitive_content": null,
            "source": null
          },
          "sensitive_attributes": [
            [
              {
                "type": "get_attr",
                "value": "content"
              }
            ]
          ],
          "dependencies": [
            "data.google_client_config.default",
            "module.gcp-network.module.subnets.google_compute_subnetwork.subnetwork",
            "module.gcp-network.module.vpc.google_compute_network.network",
            "module.gke.data.google_compute_subnetwork.gke_subnetwork",
            "module.gke.data.google_compute_zones.available",
            "module.gke.data.google_container_engine_versions.region",
            "module.gke.data.google_container_engine_versions.zone",
            "module.gke.google_compute_firewall.intra_egress",
            "module.gke.google_compute_firewall.master_webhooks",
            "module.gke.google_compute_firewall.shadow_allow_master",
            "module.gke.google_compute_firewall.shadow_allow_nodes",
            "module.gke.google_compute_firewall.shadow_allow_pods",
            "module.gke.google_container_cluster.primary",
            "module.gke.google_container_node_pool.pools",
            "module.gke.google_container_node_pool.windows_pools",
            "module.gke.google_project_iam_member.cluster_service_account-artifact-registry",
            "module.gke.google_project_iam_member.cluster_service_account-gcr",
            "module.gke.google_project_iam_member.cluster_service_account-log_writer",
            "module.gke.google_project_iam_member.cluster_service_account-metric_writer",
            "module.gke.google_project_iam_member.cluster_service_account-monitoring_viewer",
            "module.gke.google_project_iam_member.cluster_service_account-resourceMetadata-writer",
            "module.gke.google_service_account.cluster_service_account",
            "module.gke.kubernetes_config_map.ip-masq-agent",
            "module.gke.kubernetes_config_map_v1_data.kube-dns",
            "module.gke.kubernetes_config_map_v1_data.kube-dns-upstream-nameservers-and-stub-domains",
            "module.gke.kubernetes_config_map_v1_data.kube-dns-upstream-namservers",
            "module.gke.random_shuffle.available_zones",
            "module.gke.random_string.cluster_service_account_suffix",
            "module.gke_auth.data.google_client_config.provider",
            "module.gke_auth.data.google_container_cluster.gke_cluster"
          ]
        }
      ]
    },
    {
      "module": "module.gcp-network.module.subnets",
      "mode": "managed",
      "type": "google_compute_subnetwork",
      "name": "subnetwork",
      "provider": "provider[\"registry.terraform.io/hashicorp/google\"]",
      "instances": [
        {
          "index_key": "asia-south2/gke-subnet-dev",
          "schema_version": 0,
          "attributes": {
            "creation_timestamp": "2023-11-05T21:21:09.995-08:00",
            "description": "",
            "external_ipv6_prefix": "",
            "fingerprint": null,
            "gateway_address": "10.10.0.1",
            "id": "projects/k8s-cluster-398616/regions/asia-south2/subnetworks/gke-subnet-dev",
            "ip_cidr_range": "10.10.0.0/16",
            "ipv6_access_type": "",
            "ipv6_cidr_range": "",
            "log_config": [],
            "name": "gke-subnet-dev",
            "network": "https://www.googleapis.com/compute/v1/projects/k8s-cluster-398616/global/networks/gke-network-dev",
            "private_ip_google_access": false,
            "private_ipv6_google_access": "DISABLE_GOOGLE_ACCESS",
            "project": "k8s-cluster-398616",
            "purpose": "PRIVATE",
            "region": "asia-south2",
            "role": "",
            "secondary_ip_range": [
              {
                "ip_cidr_range": "10.20.0.0/16",
                "range_name": "ip-range-pods"
              },
              {
                "ip_cidr_range": "10.30.0.0/16",
                "range_name": "ip-range-services"
              }
            ],
            "self_link": "https://www.googleapis.com/compute/v1/projects/k8s-cluster-398616/regions/asia-south2/subnetworks/gke-subnet-dev",
            "stack_type": "IPV4_ONLY",
            "timeouts": null
          },
          "sensitive_attributes": [],
          "private": "eyJlMmJmYjczMC1lY2FhLTExZTYtOGY4OC0zNDM2M2JjN2M0YzAiOnsiY3JlYXRlIjoxMjAwMDAwMDAwMDAwLCJkZWxldGUiOjEyMDAwMDAwMDAwMDAsInVwZGF0ZSI6MTIwMDAwMDAwMDAwMH19",
          "dependencies": [
            "module.gcp-network.module.vpc.google_compute_network.network"
          ]
        }
      ]
    },
    {
      "module": "module.gcp-network.module.vpc",
      "mode": "managed",
      "type": "google_compute_network",
      "name": "network",
      "provider": "provider[\"registry.terraform.io/hashicorp/google\"]",
      "instances": [
        {
          "schema_version": 0,
          "attributes": {
            "auto_create_subnetworks": false,
            "delete_default_routes_on_create": false,
            "description": "",
            "enable_ula_internal_ipv6": false,
            "gateway_ipv4": "",
            "id": "projects/k8s-cluster-398616/global/networks/gke-network-dev",
            "internal_ipv6_range": "",
            "mtu": 0,
            "name": "gke-network-dev",
            "project": "k8s-cluster-398616",
            "routing_mode": "GLOBAL",
            "self_link": "https://www.googleapis.com/compute/v1/projects/k8s-cluster-398616/global/networks/gke-network-dev",
            "timeouts": null
          },
          "sensitive_attributes": [],
          "private": "eyJlMmJmYjczMC1lY2FhLTExZTYtOGY4OC0zNDM2M2JjN2M0YzAiOnsiY3JlYXRlIjoxMjAwMDAwMDAwMDAwLCJkZWxldGUiOjEyMDAwMDAwMDAwMDAsInVwZGF0ZSI6MTIwMDAwMDAwMDAwMH19"
        }
      ]
    },
    {
      "module": "module.gke",
      "mode": "data",
      "type": "google_compute_zones",
      "name": "available",
      "provider": "provider[\"registry.terraform.io/hashicorp/google\"]",
      "instances": [
        {
          "schema_version": 0,
          "attributes": {
            "id": "projects/k8s-cluster-398616/regions/asia-south2",
            "names": [
              "asia-south2-a",
              "asia-south2-b",
              "asia-south2-c"
            ],
            "project": "k8s-cluster-398616",
            "region": "asia-south2",
            "status": null
          },
          "sensitive_attributes": []
        }
      ]
    },
    {
      "module": "module.gke",
      "mode": "data",
      "type": "google_container_engine_versions",
      "name": "region",
      "provider": "provider[\"registry.terraform.io/hashicorp/google\"]",
      "instances": [
        {
          "schema_version": 0,
          "attributes": {
            "default_cluster_version": "1.27.3-gke.100",
            "id": "2023-11-06 05:20:46.955729437 +0000 UTC",
            "latest_master_version": "1.27.6-gke.1506000",
            "latest_node_version": "1.27.6-gke.1506000",
            "location": "asia-south2",
            "project": "k8s-cluster-398616",
            "release_channel_default_version": {
              "RAPID": "1.27.4-gke.900",
              "REGULAR": "1.27.3-gke.100",
              "STABLE": "1.27.3-gke.100"
            },
            "valid_master_versions": [
              "1.27.6-gke.1506000",
              "1.27.6-gke.1445000",
              "1.27.6-gke.1248000",
              "1.27.5-gke.200",
              "1.27.4-gke.900",
              "1.27.3-gke.1700",
              "1.27.3-gke.100",
              "1.27.2-gke.2100",
              "1.27.2-gke.1200",
              "1.26.9-gke.1507000",
              "1.26.9-gke.1437000",
              "1.26.8-gke.200",
              "1.26.7-gke.500",
              "1.26.6-gke.1700",
              "1.26.5-gke.2700",
              "1.26.5-gke.2100",
              "1.25.14-gke.1474000",
              "1.25.14-gke.1421000",
              "1.25.13-gke.200",
              "1.25.12-gke.500",
              "1.25.11-gke.1700",
              "1.25.10-gke.2700",
              "1.24.17-gke.2155000",
              "1.24.17-gke.2113000",
              "1.24.17-gke.200",
              "1.24.16-gke.500",
              "1.24.15-gke.1700",
              "1.24.14-gke.2700"
            ],
            "valid_node_versions": [
              "1.27.6-gke.1506000",
              "1.27.6-gke.1445000",
              "1.27.6-gke.1248000",
              "1.27.5-gke.200",
              "1.27.4-gke.900",
              "1.27.3-gke.1700",
              "1.27.3-gke.100",
              "1.27.2-gke.2100",
              "1.27.2-gke.1200",
              "1.26.9-gke.1507000",
              "1.26.9-gke.1437000",
              "1.26.8-gke.200",
              "1.26.7-gke.500",
              "1.26.6-gke.1700",
              "1.26.5-gke.2700",
              "1.26.5-gke.2100",
              "1.26.5-gke.1400",
              "1.26.5-gke.1200",
              "1.26.4-gke.1400",
              "1.26.4-gke.500",
              "1.26.3-gke.1000",
              "1.26.3-gke.400",
              "1.26.2-gke.1000",
              "1.26.1-gke.1500",
              "1.25.14-gke.1474000",
              "1.25.14-gke.1421000",
              "1.25.13-gke.200",
              "1.25.12-gke.500",
              "1.25.11-gke.1700",
              "1.25.10-gke.2700",
              "1.25.10-gke.2100",
              "1.25.10-gke.1400",
              "1.25.10-gke.1200",
              "1.25.9-gke.2300",
              "1.25.9-gke.400",
              "1.25.8-gke.1000",
              "1.25.8-gke.500",
              "1.25.7-gke.1000",
              "1.25.6-gke.1000",
              "1.25.6-gke.200",
              "1.25.5-gke.2000",
              "1.25.5-gke.1500",
              "1.25.4-gke.2100",
              "1.25.3-gke.800",
              "1.24.17-gke.2155000",
              "1.24.17-gke.2113000",
              "1.24.17-gke.200",
              "1.24.16-gke.500",
              "1.24.15-gke.1700",
              "1.24.14-gke.2700",
              "1.24.14-gke.2100",
              "1.24.14-gke.1400",
              "1.24.14-gke.1200",
              "1.24.13-gke.2500",
              "1.24.13-gke.500",
              "1.24.12-gke.1000",
              "1.24.12-gke.500",
              "1.24.11-gke.1000",
              "1.24.10-gke.2300",
              "1.24.10-gke.1200",
              "1.24.9-gke.3200",
              "1.24.9-gke.2000",
              "1.24.9-gke.1500",
              "1.24.8-gke.2000",
              "1.24.8-gke.401",
              "1.24.7-gke.900",
              "1.24.6-gke.1500",
              "1.24.5-gke.600",
              "1.24.4-gke.800",
              "1.24.3-gke.2100",
              "1.24.3-gke.900",
              "1.24.3-gke.200",
              "1.24.2-gke.1900",
              "1.24.2-gke.300",
              "1.24.1-gke.1800",
              "1.24.1-gke.1400",
              "1.23.17-gke.10700",
              "1.23.17-gke.10000",
              "1.23.17-gke.8400",
              "1.23.17-gke.7700",
              "1.23.17-gke.7000",
              "1.23.17-gke.6800",
              "1.23.17-gke.5600",
              "1.23.17-gke.3600",
              "1.23.17-gke.2000",
              "1.23.17-gke.1700",
              "1.23.17-gke.300",
              "1.23.16-gke.2500",
              "1.23.16-gke.1400",
              "1.23.16-gke.1100",
              "1.23.16-gke.200",
              "1.23.15-gke.1900",
              "1.23.15-gke.1400",
              "1.23.14-gke.1800",
              "1.23.14-gke.401",
              "1.23.13-gke.900",
              "1.23.12-gke.1600",
              "1.23.12-gke.100",
              "1.23.11-gke.300",
              "1.23.10-gke.1000",
              "1.23.9-gke.2100",
              "1.23.9-gke.900",
              "1.23.8-gke.1900",
              "1.23.8-gke.400",
              "1.23.7-gke.1400",
              "1.23.6-gke.2200",
              "1.23.6-gke.1700",
              "1.23.6-gke.1501",
              "1.23.6-gke.1500",
              "1.23.5-gke.2400",
              "1.23.5-gke.1503",
              "1.23.5-gke.1501",
              "1.22.17-gke.14100",
              "1.22.17-gke.13400",
              "1.22.17-gke.12700",
              "1.22.17-gke.11400",
              "1.22.17-gke.9400",
              "1.22.17-gke.8000",
              "1.22.17-gke.7500",
              "1.22.17-gke.6100",
              "1.22.17-gke.5400",
              "1.22.17-gke.4300",
              "1.22.17-gke.4000",
              "1.22.17-gke.3100",
              "1.22.17-gke.1900",
              "1.22.17-gke.1400",
              "1.22.16-gke.2000",
              "1.22.16-gke.1300",
              "1.22.15-gke.2500",
              "1.22.15-gke.1000",
              "1.22.15-gke.100",
              "1.22.14-gke.300",
              "1.22.13-gke.1000",
              "1.22.12-gke.2300",
              "1.22.12-gke.1200",
              "1.22.12-gke.500",
              "1.22.12-gke.300",
              "1.22.11-gke.400",
              "1.22.10-gke.600",
              "1.22.9-gke.2000",
              "1.22.9-gke.1500",
              "1.22.9-gke.1300",
              "1.22.8-gke.2200",
              "1.22.8-gke.202",
              "1.22.8-gke.201",
              "1.22.8-gke.200",
              "1.22.7-gke.1500",
              "1.22.7-gke.1300",
              "1.22.7-gke.900",
              "1.22.7-gke.300",
              "1.22.6-gke.1000",
              "1.22.6-gke.300",
              "1.22.4-gke.1501",
              "1.22.3-gke.1500",
              "1.21.14-gke.18800",
              "1.21.14-gke.18100",
              "1.21.14-gke.15800",
              "1.21.14-gke.14600",
              "1.21.14-gke.14100",
              "1.21.14-gke.8500",
              "1.21.14-gke.7100",
              "1.21.14-gke.5300",
              "1.21.14-gke.4300",
              "1.21.14-gke.3000",
              "1.21.14-gke.2700",
              "1.21.14-gke.2100",
              "1.21.14-gke.700",
              "1.21.13-gke.900",
              "1.21.12-gke.2200",
              "1.21.12-gke.1700",
              "1.21.12-gke.1500",
              "1.21.11-gke.1900",
              "1.21.11-gke.1100",
              "1.21.11-gke.900",
              "1.21.10-gke.2000",
              "1.21.10-gke.1500",
              "1.21.10-gke.1300",
              "1.21.10-gke.400",
              "1.21.9-gke.1002",
              "1.21.9-gke.1001",
              "1.21.9-gke.1000",
              "1.21.9-gke.300",
              "1.21.6-gke.1503",
              "1.21.6-gke.1501",
              "1.21.6-gke.1500",
              "1.21.5-gke.1805",
              "1.21.5-gke.1802",
              "1.21.5-gke.1302",
              "1.21.5-gke.1300",
              "1.21.4-gke.2302",
              "1.21.4-gke.2300",
              "1.21.3-gke.2003",
              "1.21.3-gke.2001",
              "1.20.15-gke.13700",
              "1.20.15-gke.13400",
              "1.20.15-gke.12800",
              "1.20.15-gke.11400",
              "1.20.15-gke.9900",
              "1.20.15-gke.8700",
              "1.20.15-gke.8200",
              "1.20.15-gke.8000",
              "1.20.15-gke.6000",
              "1.20.15-gke.5200",
              "1.20.15-gke.5000",
              "1.20.15-gke.4100",
              "1.20.15-gke.3600",
              "1.20.15-gke.3400",
              "1.20.15-gke.2500",
              "1.20.15-gke.1000",
              "1.20.15-gke.300",
              "1.20.12-gke.1500",
              "1.20.11-gke.1801",
              "1.20.11-gke.1300",
              "1.20.10-gke.2100",
              "1.20.10-gke.1600",
              "1.20.10-gke.301",
              "1.20.9-gke.2100",
              "1.20.9-gke.1001",
              "1.20.9-gke.1000",
              "1.20.9-gke.701",
              "1.20.9-gke.700",
              "1.20.8-gke.2101",
              "1.20.8-gke.2100",
              "1.20.8-gke.900",
              "1.20.8-gke.700",
              "1.20.7-gke.2200",
              "1.20.7-gke.1800",
              "1.20.6-gke.1400",
              "1.20.6-gke.1000",
              "1.19.16-gke.15700",
              "1.19.16-gke.14500",
              "1.19.16-gke.14000",
              "1.19.16-gke.13800",
              "1.19.16-gke.11800",
              "1.19.16-gke.11000",
              "1.19.16-gke.10800",
              "1.19.16-gke.9900",
              "1.19.16-gke.9400",
              "1.19.16-gke.9200",
              "1.19.16-gke.8300",
              "1.19.16-gke.6800",
              "1.19.16-gke.6100",
              "1.19.16-gke.3600",
              "1.19.15-gke.1801",
              "1.19.15-gke.1300",
              "1.19.15-gke.500",
              "1.19.14-gke.2300",
              "1.19.14-gke.1900",
              "1.19.14-gke.301",
              "1.19.14-gke.300",
              "1.19.13-gke.1900",
              "1.19.13-gke.1200",
              "1.19.13-gke.701",
              "1.19.13-gke.700",
              "1.19.12-gke.2101",
              "1.19.12-gke.2100",
              "1.19.12-gke.1100",
              "1.19.12-gke.900",
              "1.19.12-gke.700",
              "1.19.11-gke.2101",
              "1.19.11-gke.2100",
              "1.19.11-gke.1701",
              "1.19.11-gke.1700",
              "1.19.10-gke.1701",
              "1.19.10-gke.1700",
              "1.19.10-gke.1601",
              "1.19.10-gke.1600",
              "1.19.10-gke.1001",
              "1.19.10-gke.1000",
              "1.19.9-gke.1900",
              "1.19.9-gke.1400",
              "1.19.9-gke.700",
              "1.19.9-gke.100",
              "1.19.8-gke.2000",
              "1.19.8-gke.1600",
              "1.19.8-gke.1000",
              "1.19.7-gke.2503",
              "1.19.7-gke.1500",
              "1.19.7-gke.1302",
              "1.19.7-gke.800",
              "1.19.6-gke.1700",
              "1.19.6-gke.1100",
              "1.19.6-gke.600",
              "1.18.20-gke.6101",
              "1.18.20-gke.6000",
              "1.18.20-gke.4501",
              "1.18.20-gke.4500",
              "1.18.20-gke.4100",
              "1.18.20-gke.3300",
              "1.18.20-gke.3001",
              "1.18.20-gke.3000",
              "1.18.20-gke.2300",
              "1.18.20-gke.901",
              "1.18.20-gke.900",
              "1.18.20-gke.501",
              "1.18.19-gke.2101",
              "1.18.19-gke.2100",
              "1.18.19-gke.1701",
              "1.18.19-gke.1700",
              "1.18.18-gke.1701",
              "1.18.18-gke.1700",
              "1.18.18-gke.1101",
              "1.18.18-gke.1100",
              "1.18.17-gke.1901",
              "1.18.17-gke.1900",
              "1.18.17-gke.1201",
              "1.18.17-gke.1200",
              "1.18.17-gke.700",
              "1.18.17-gke.100",
              "1.18.16-gke.2100",
              "1.18.16-gke.1201",
              "1.18.16-gke.1200",
              "1.18.16-gke.502",
              "1.18.16-gke.500",
              "1.18.16-gke.302",
              "1.18.16-gke.300",
              "1.18.15-gke.2500",
              "1.18.15-gke.1502",
              "1.18.15-gke.1501",
              "1.18.15-gke.1500",
              "1.18.15-gke.1102",
              "1.18.15-gke.1100",
              "1.18.15-gke.800",
              "1.18.14-gke.1600",
              "1.18.14-gke.1200",
              "1.18.12-gke.1210",
              "1.18.12-gke.1206",
              "1.18.12-gke.1205",
              "1.18.12-gke.1201",
              "1.18.12-gke.1200",
              "1.18.12-gke.300",
              "1.18.10-gke.2701",
              "1.18.10-gke.2101",
              "1.18.10-gke.1500",
              "1.18.10-gke.601",
              "1.18.9-gke.2501",
              "1.18.9-gke.1501",
              "1.18.9-gke.801",
              "1.18.6-gke.4801",
              "1.18.6-gke.3504",
              "1.18.6-gke.3503",
              "1.17.17-gke.9100",
              "1.17.17-gke.8500",
              "1.17.17-gke.8200",
              "1.17.17-gke.7800",
              "1.17.17-gke.7200",
              "1.17.17-gke.6700",
              "1.17.17-gke.6000",
              "1.17.17-gke.5400",
              "1.17.17-gke.4900",
              "1.17.17-gke.4400",
              "1.17.17-gke.3700",
              "1.17.17-gke.3000",
              "1.17.17-gke.2800",
              "1.17.17-gke.2500",
              "1.17.17-gke.1500",
              "1.17.17-gke.1101",
              "1.17.17-gke.1100",
              "1.17.17-gke.600",
              "1.17.16-gke.1600",
              "1.17.16-gke.1300",
              "1.17.15-gke.800",
              "1.17.15-gke.300",
              "1.17.14-gke.1600",
              "1.17.14-gke.1200",
              "1.17.14-gke.400",
              "1.17.13-gke.2600",
              "1.17.13-gke.2001",
              "1.17.13-gke.1401",
              "1.17.13-gke.1400",
              "1.17.13-gke.600",
              "1.17.12-gke.2502",
              "1.17.12-gke.1504",
              "1.17.12-gke.1501",
              "1.17.12-gke.500",
              "1.17.9-gke.6300",
              "1.17.9-gke.1504",
              "1.16.15-gke.14800",
              "1.16.15-gke.12500",
              "1.16.15-gke.11800",
              "1.16.15-gke.10600",
              "1.16.15-gke.7801",
              "1.16.15-gke.7800",
              "1.16.15-gke.7300",
              "1.16.15-gke.6900",
              "1.16.15-gke.6000",
              "1.16.15-gke.5500",
              "1.16.15-gke.4901",
              "1.16.15-gke.4301",
              "1.16.15-gke.4300",
              "1.16.15-gke.3500",
              "1.16.15-gke.2601",
              "1.16.15-gke.1600",
              "1.16.15-gke.500",
              "1.16.13-gke.404",
              "1.16.13-gke.403",
              "1.16.13-gke.401",
              "1.16.13-gke.400",
              "1.16.13-gke.1",
              "1.16.11-gke.5",
              "1.16.10-gke.8",
              "1.16.9-gke.6",
              "1.16.9-gke.2",
              "1.16.8-gke.15",
              "1.16.8-gke.12",
              "1.16.8-gke.9",
              "1.15.12-gke.6002",
              "1.15.12-gke.6001",
              "1.15.12-gke.5000",
              "1.15.12-gke.4002",
              "1.15.12-gke.4000",
              "1.15.12-gke.20",
              "1.15.12-gke.17",
              "1.15.12-gke.16",
              "1.15.12-gke.13",
              "1.15.12-gke.9",
              "1.15.12-gke.6",
              "1.15.12-gke.3",
              "1.15.12-gke.2",
              "1.15.11-gke.17",
              "1.15.11-gke.15",
              "1.15.11-gke.13",
              "1.15.11-gke.12",
              "1.15.11-gke.11",
              "1.15.11-gke.9",
              "1.15.11-gke.5",
              "1.15.11-gke.3",
              "1.15.11-gke.1",
              "1.15.9-gke.26",
              "1.15.9-gke.24",
              "1.15.9-gke.22",
              "1.15.9-gke.12",
              "1.15.9-gke.9",
              "1.15.9-gke.8",
              "1.15.8-gke.3",
              "1.15.8-gke.2",
              "1.15.7-gke.23",
              "1.15.7-gke.2",
              "1.15.4-gke.22",
              "1.14.10-gke.1504",
              "1.14.10-gke.902",
              "1.14.10-gke.50",
              "1.14.10-gke.46",
              "1.14.10-gke.45",
              "1.14.10-gke.42",
              "1.14.10-gke.41",
              "1.14.10-gke.40",
              "1.14.10-gke.37",
              "1.14.10-gke.36",
              "1.14.10-gke.34",
              "1.14.10-gke.32",
              "1.14.10-gke.31",
              "1.14.10-gke.27",
              "1.14.10-gke.24",
              "1.14.10-gke.22",
              "1.14.10-gke.21",
              "1.14.10-gke.17",
              "1.14.10-gke.0",
              "1.14.9-gke.23",
              "1.14.9-gke.2",
              "1.14.9-gke.0",
              "1.14.8-gke.33",
              "1.14.8-gke.21",
              "1.14.8-gke.18",
              "1.14.8-gke.17",
              "1.14.8-gke.14",
              "1.14.8-gke.12",
              "1.14.8-gke.7",
              "1.14.8-gke.2",
              "1.14.7-gke.40",
              "1.14.7-gke.25",
              "1.14.7-gke.23",
              "1.14.7-gke.17",
              "1.14.7-gke.14",
              "1.14.7-gke.10",
              "1.14.6-gke.13",
              "1.14.6-gke.2",
              "1.14.6-gke.1",
              "1.14.3-gke.11",
              "1.14.3-gke.10",
              "1.14.3-gke.9",
              "1.14.2-gke.9",
              "1.14.1-gke.5",
              "1.13.12-gke.30",
              "1.13.12-gke.25",
              "1.13.12-gke.17",
              "1.13.12-gke.16",
              "1.13.12-gke.14",
              "1.13.12-gke.13",
              "1.13.12-gke.10",
              "1.13.12-gke.8",
              "1.13.12-gke.4",
              "1.13.12-gke.2",
              "1.13.11-gke.23",
              "1.13.11-gke.15",
              "1.13.11-gke.14",
              "1.13.11-gke.12",
              "1.13.11-gke.11",
              "1.13.11-gke.9",
              "1.13.11-gke.5",
              "1.13.10-gke.7",
              "1.13.10-gke.0",
              "1.13.9-gke.11",
              "1.13.9-gke.3",
              "1.13.7-gke.24",
              "1.13.7-gke.19",
              "1.13.7-gke.15",
              "1.13.7-gke.8",
              "1.13.7-gke.0",
              "1.13.6-gke.13",
              "1.13.6-gke.6",
              "1.13.6-gke.5",
              "1.13.6-gke.0",
              "1.13.5-gke.10",
              "1.12.10-gke.22",
              "1.12.10-gke.20",
              "1.12.10-gke.19",
              "1.12.10-gke.18",
              "1.12.10-gke.17",
              "1.12.10-gke.15",
              "1.12.10-gke.13",
              "1.12.10-gke.11",
              "1.12.10-gke.5",
              "1.12.9-gke.16",
              "1.12.9-gke.15",
              "1.12.9-gke.13",
              "1.12.9-gke.10",
              "1.12.9-gke.7",
              "1.12.9-gke.3",
              "1.12.8-gke.12",
              "1.12.8-gke.10",
              "1.12.8-gke.7",
              "1.12.8-gke.6",
              "1.12.7-gke.26",
              "1.12.7-gke.25",
              "1.12.7-gke.24",
              "1.12.7-gke.22",
              "1.12.7-gke.21",
              "1.12.7-gke.17",
              "1.12.7-gke.10",
              "1.12.7-gke.7",
              "1.12.6-gke.11",
              "1.12.6-gke.10",
              "1.12.6-gke.7",
              "1.12.5-gke.10",
              "1.12.5-gke.5",
              "1.11.10-gke.6",
              "1.11.10-gke.5"
            ],
            "version_prefix": null
          },
          "sensitive_attributes": []
        }
      ]
    },
    {
      "module": "module.gke",
      "mode": "data",
      "type": "google_container_engine_versions",
      "name": "zone",
      "provider": "provider[\"registry.terraform.io/hashicorp/google\"]",
      "instances": [
        {
          "schema_version": 0,
          "attributes": {
            "default_cluster_version": "1.27.3-gke.100",
            "id": "2023-11-06 05:20:47.493916649 +0000 UTC",
            "latest_master_version": "1.27.6-gke.1506000",
            "latest_node_version": "1.27.6-gke.1506000",
            "location": "asia-south2-a",
            "project": "k8s-cluster-398616",
            "release_channel_default_version": {
              "RAPID": "1.27.4-gke.900",
              "REGULAR": "1.27.3-gke.100",
              "STABLE": "1.27.3-gke.100"
            },
            "valid_master_versions": [
              "1.27.6-gke.1506000",
              "1.27.6-gke.1445000",
              "1.27.6-gke.1248000",
              "1.27.5-gke.200",
              "1.27.4-gke.900",
              "1.27.3-gke.1700",
              "1.27.3-gke.100",
              "1.27.2-gke.2100",
              "1.27.2-gke.1200",
              "1.26.9-gke.1507000",
              "1.26.9-gke.1437000",
              "1.26.8-gke.200",
              "1.26.7-gke.500",
              "1.26.6-gke.1700",
              "1.26.5-gke.2700",
              "1.26.5-gke.2100",
              "1.25.14-gke.1474000",
              "1.25.14-gke.1421000",
              "1.25.13-gke.200",
              "1.25.12-gke.500",
              "1.25.11-gke.1700",
              "1.25.10-gke.2700",
              "1.24.17-gke.2155000",
              "1.24.17-gke.2113000",
              "1.24.17-gke.200",
              "1.24.16-gke.500",
              "1.24.15-gke.1700",
              "1.24.14-gke.2700"
            ],
            "valid_node_versions": [
              "1.27.6-gke.1506000",
              "1.27.6-gke.1445000",
              "1.27.6-gke.1248000",
              "1.27.5-gke.200",
              "1.27.4-gke.900",
              "1.27.3-gke.1700",
              "1.27.3-gke.100",
              "1.27.2-gke.2100",
              "1.27.2-gke.1200",
              "1.26.9-gke.1507000",
              "1.26.9-gke.1437000",
              "1.26.8-gke.200",
              "1.26.7-gke.500",
              "1.26.6-gke.1700",
              "1.26.5-gke.2700",
              "1.26.5-gke.2100",
              "1.26.5-gke.1400",
              "1.26.5-gke.1200",
              "1.26.4-gke.1400",
              "1.26.4-gke.500",
              "1.26.3-gke.1000",
              "1.26.3-gke.400",
              "1.26.2-gke.1000",
              "1.26.1-gke.1500",
              "1.25.14-gke.1474000",
              "1.25.14-gke.1421000",
              "1.25.13-gke.200",
              "1.25.12-gke.500",
              "1.25.11-gke.1700",
              "1.25.10-gke.2700",
              "1.25.10-gke.2100",
              "1.25.10-gke.1400",
              "1.25.10-gke.1200",
              "1.25.9-gke.2300",
              "1.25.9-gke.400",
              "1.25.8-gke.1000",
              "1.25.8-gke.500",
              "1.25.7-gke.1000",
              "1.25.6-gke.1000",
              "1.25.6-gke.200",
              "1.25.5-gke.2000",
              "1.25.5-gke.1500",
              "1.25.4-gke.2100",
              "1.25.3-gke.800",
              "1.24.17-gke.2155000",
              "1.24.17-gke.2113000",
              "1.24.17-gke.200",
              "1.24.16-gke.500",
              "1.24.15-gke.1700",
              "1.24.14-gke.2700",
              "1.24.14-gke.2100",
              "1.24.14-gke.1400",
              "1.24.14-gke.1200",
              "1.24.13-gke.2500",
              "1.24.13-gke.500",
              "1.24.12-gke.1000",
              "1.24.12-gke.500",
              "1.24.11-gke.1000",
              "1.24.10-gke.2300",
              "1.24.10-gke.1200",
              "1.24.9-gke.3200",
              "1.24.9-gke.2000",
              "1.24.9-gke.1500",
              "1.24.8-gke.2000",
              "1.24.8-gke.401",
              "1.24.7-gke.900",
              "1.24.6-gke.1500",
              "1.24.5-gke.600",
              "1.24.4-gke.800",
              "1.24.3-gke.2100",
              "1.24.3-gke.900",
              "1.24.3-gke.200",
              "1.24.2-gke.1900",
              "1.24.2-gke.300",
              "1.24.1-gke.1800",
              "1.24.1-gke.1400",
              "1.23.17-gke.10700",
              "1.23.17-gke.10000",
              "1.23.17-gke.8400",
              "1.23.17-gke.7700",
              "1.23.17-gke.7000",
              "1.23.17-gke.6800",
              "1.23.17-gke.5600",
              "1.23.17-gke.3600",
              "1.23.17-gke.2000",
              "1.23.17-gke.1700",
              "1.23.17-gke.300",
              "1.23.16-gke.2500",
              "1.23.16-gke.1400",
              "1.23.16-gke.1100",
              "1.23.16-gke.200",
              "1.23.15-gke.1900",
              "1.23.15-gke.1400",
              "1.23.14-gke.1800",
              "1.23.14-gke.401",
              "1.23.13-gke.900",
              "1.23.12-gke.1600",
              "1.23.12-gke.100",
              "1.23.11-gke.300",
              "1.23.10-gke.1000",
              "1.23.9-gke.2100",
              "1.23.9-gke.900",
              "1.23.8-gke.1900",
              "1.23.8-gke.400",
              "1.23.7-gke.1400",
              "1.23.6-gke.2200",
              "1.23.6-gke.1700",
              "1.23.6-gke.1501",
              "1.23.6-gke.1500",
              "1.23.5-gke.2400",
              "1.23.5-gke.1503",
              "1.23.5-gke.1501",
              "1.22.17-gke.14100",
              "1.22.17-gke.13400",
              "1.22.17-gke.12700",
              "1.22.17-gke.11400",
              "1.22.17-gke.9400",
              "1.22.17-gke.8000",
              "1.22.17-gke.7500",
              "1.22.17-gke.6100",
              "1.22.17-gke.5400",
              "1.22.17-gke.4300",
              "1.22.17-gke.4000",
              "1.22.17-gke.3100",
              "1.22.17-gke.1900",
              "1.22.17-gke.1400",
              "1.22.16-gke.2000",
              "1.22.16-gke.1300",
              "1.22.15-gke.2500",
              "1.22.15-gke.1000",
              "1.22.15-gke.100",
              "1.22.14-gke.300",
              "1.22.13-gke.1000",
              "1.22.12-gke.2300",
              "1.22.12-gke.1200",
              "1.22.12-gke.500",
              "1.22.12-gke.300",
              "1.22.11-gke.400",
              "1.22.10-gke.600",
              "1.22.9-gke.2000",
              "1.22.9-gke.1500",
              "1.22.9-gke.1300",
              "1.22.8-gke.2200",
              "1.22.8-gke.202",
              "1.22.8-gke.201",
              "1.22.8-gke.200",
              "1.22.7-gke.1500",
              "1.22.7-gke.1300",
              "1.22.7-gke.900",
              "1.22.7-gke.300",
              "1.22.6-gke.1000",
              "1.22.6-gke.300",
              "1.22.4-gke.1501",
              "1.22.3-gke.1500",
              "1.21.14-gke.18800",
              "1.21.14-gke.18100",
              "1.21.14-gke.15800",
              "1.21.14-gke.14600",
              "1.21.14-gke.14100",
              "1.21.14-gke.8500",
              "1.21.14-gke.7100",
              "1.21.14-gke.5300",
              "1.21.14-gke.4300",
              "1.21.14-gke.3000",
              "1.21.14-gke.2700",
              "1.21.14-gke.2100",
              "1.21.14-gke.700",
              "1.21.13-gke.900",
              "1.21.12-gke.2200",
              "1.21.12-gke.1700",
              "1.21.12-gke.1500",
              "1.21.11-gke.1900",
              "1.21.11-gke.1100",
              "1.21.11-gke.900",
              "1.21.10-gke.2000",
              "1.21.10-gke.1500",
              "1.21.10-gke.1300",
              "1.21.10-gke.400",
              "1.21.9-gke.1002",
              "1.21.9-gke.1001",
              "1.21.9-gke.1000",
              "1.21.9-gke.300",
              "1.21.6-gke.1503",
              "1.21.6-gke.1501",
              "1.21.6-gke.1500",
              "1.21.5-gke.1805",
              "1.21.5-gke.1802",
              "1.21.5-gke.1302",
              "1.21.5-gke.1300",
              "1.21.4-gke.2302",
              "1.21.4-gke.2300",
              "1.21.3-gke.2003",
              "1.21.3-gke.2001",
              "1.20.15-gke.13700",
              "1.20.15-gke.13400",
              "1.20.15-gke.12800",
              "1.20.15-gke.11400",
              "1.20.15-gke.9900",
              "1.20.15-gke.8700",
              "1.20.15-gke.8200",
              "1.20.15-gke.8000",
              "1.20.15-gke.6000",
              "1.20.15-gke.5200",
              "1.20.15-gke.5000",
              "1.20.15-gke.4100",
              "1.20.15-gke.3600",
              "1.20.15-gke.3400",
              "1.20.15-gke.2500",
              "1.20.15-gke.1000",
              "1.20.15-gke.300",
              "1.20.12-gke.1500",
              "1.20.11-gke.1801",
              "1.20.11-gke.1300",
              "1.20.10-gke.2100",
              "1.20.10-gke.1600",
              "1.20.10-gke.301",
              "1.20.9-gke.2100",
              "1.20.9-gke.1001",
              "1.20.9-gke.1000",
              "1.20.9-gke.701",
              "1.20.9-gke.700",
              "1.20.8-gke.2101",
              "1.20.8-gke.2100",
              "1.20.8-gke.900",
              "1.20.8-gke.700",
              "1.20.7-gke.2200",
              "1.20.7-gke.1800",
              "1.20.6-gke.1400",
              "1.20.6-gke.1000",
              "1.19.16-gke.15700",
              "1.19.16-gke.14500",
              "1.19.16-gke.14000",
              "1.19.16-gke.13800",
              "1.19.16-gke.11800",
              "1.19.16-gke.11000",
              "1.19.16-gke.10800",
              "1.19.16-gke.9900",
              "1.19.16-gke.9400",
              "1.19.16-gke.9200",
              "1.19.16-gke.8300",
              "1.19.16-gke.6800",
              "1.19.16-gke.6100",
              "1.19.16-gke.3600",
              "1.19.15-gke.1801",
              "1.19.15-gke.1300",
              "1.19.15-gke.500",
              "1.19.14-gke.2300",
              "1.19.14-gke.1900",
              "1.19.14-gke.301",
              "1.19.14-gke.300",
              "1.19.13-gke.1900",
              "1.19.13-gke.1200",
              "1.19.13-gke.701",
              "1.19.13-gke.700",
              "1.19.12-gke.2101",
              "1.19.12-gke.2100",
              "1.19.12-gke.1100",
              "1.19.12-gke.900",
              "1.19.12-gke.700",
              "1.19.11-gke.2101",
              "1.19.11-gke.2100",
              "1.19.11-gke.1701",
              "1.19.11-gke.1700",
              "1.19.10-gke.1701",
              "1.19.10-gke.1700",
              "1.19.10-gke.1601",
              "1.19.10-gke.1600",
              "1.19.10-gke.1001",
              "1.19.10-gke.1000",
              "1.19.9-gke.1900",
              "1.19.9-gke.1400",
              "1.19.9-gke.700",
              "1.19.9-gke.100",
              "1.19.8-gke.2000",
              "1.19.8-gke.1600",
              "1.19.8-gke.1000",
              "1.19.7-gke.2503",
              "1.19.7-gke.1500",
              "1.19.7-gke.1302",
              "1.19.7-gke.800",
              "1.19.6-gke.1700",
              "1.19.6-gke.1100",
              "1.19.6-gke.600",
              "1.18.20-gke.6101",
              "1.18.20-gke.6000",
              "1.18.20-gke.4501",
              "1.18.20-gke.4500",
              "1.18.20-gke.4100",
              "1.18.20-gke.3300",
              "1.18.20-gke.3001",
              "1.18.20-gke.3000",
              "1.18.20-gke.2300",
              "1.18.20-gke.901",
              "1.18.20-gke.900",
              "1.18.20-gke.501",
              "1.18.19-gke.2101",
              "1.18.19-gke.2100",
              "1.18.19-gke.1701",
              "1.18.19-gke.1700",
              "1.18.18-gke.1701",
              "1.18.18-gke.1700",
              "1.18.18-gke.1101",
              "1.18.18-gke.1100",
              "1.18.17-gke.1901",
              "1.18.17-gke.1900",
              "1.18.17-gke.1201",
              "1.18.17-gke.1200",
              "1.18.17-gke.700",
              "1.18.17-gke.100",
              "1.18.16-gke.2100",
              "1.18.16-gke.1201",
              "1.18.16-gke.1200",
              "1.18.16-gke.502",
              "1.18.16-gke.500",
              "1.18.16-gke.302",
              "1.18.16-gke.300",
              "1.18.15-gke.2500",
              "1.18.15-gke.1502",
              "1.18.15-gke.1501",
              "1.18.15-gke.1500",
              "1.18.15-gke.1102",
              "1.18.15-gke.1100",
              "1.18.15-gke.800",
              "1.18.14-gke.1600",
              "1.18.14-gke.1200",
              "1.18.12-gke.1210",
              "1.18.12-gke.1206",
              "1.18.12-gke.1205",
              "1.18.12-gke.1201",
              "1.18.12-gke.1200",
              "1.18.12-gke.300",
              "1.18.10-gke.2701",
              "1.18.10-gke.2101",
              "1.18.10-gke.1500",
              "1.18.10-gke.601",
              "1.18.9-gke.2501",
              "1.18.9-gke.1501",
              "1.18.9-gke.801",
              "1.18.6-gke.4801",
              "1.18.6-gke.3504",
              "1.18.6-gke.3503",
              "1.17.17-gke.9100",
              "1.17.17-gke.8500",
              "1.17.17-gke.8200",
              "1.17.17-gke.7800",
              "1.17.17-gke.7200",
              "1.17.17-gke.6700",
              "1.17.17-gke.6000",
              "1.17.17-gke.5400",
              "1.17.17-gke.4900",
              "1.17.17-gke.4400",
              "1.17.17-gke.3700",
              "1.17.17-gke.3000",
              "1.17.17-gke.2800",
              "1.17.17-gke.2500",
              "1.17.17-gke.1500",
              "1.17.17-gke.1101",
              "1.17.17-gke.1100",
              "1.17.17-gke.600",
              "1.17.16-gke.1600",
              "1.17.16-gke.1300",
              "1.17.15-gke.800",
              "1.17.15-gke.300",
              "1.17.14-gke.1600",
              "1.17.14-gke.1200",
              "1.17.14-gke.400",
              "1.17.13-gke.2600",
              "1.17.13-gke.2001",
              "1.17.13-gke.1401",
              "1.17.13-gke.1400",
              "1.17.13-gke.600",
              "1.17.12-gke.2502",
              "1.17.12-gke.1504",
              "1.17.12-gke.1501",
              "1.17.12-gke.500",
              "1.17.9-gke.6300",
              "1.17.9-gke.1504",
              "1.16.15-gke.14800",
              "1.16.15-gke.12500",
              "1.16.15-gke.11800",
              "1.16.15-gke.10600",
              "1.16.15-gke.7801",
              "1.16.15-gke.7800",
              "1.16.15-gke.7300",
              "1.16.15-gke.6900",
              "1.16.15-gke.6000",
              "1.16.15-gke.5500",
              "1.16.15-gke.4901",
              "1.16.15-gke.4301",
              "1.16.15-gke.4300",
              "1.16.15-gke.3500",
              "1.16.15-gke.2601",
              "1.16.15-gke.1600",
              "1.16.15-gke.500",
              "1.16.13-gke.404",
              "1.16.13-gke.403",
              "1.16.13-gke.401",
              "1.16.13-gke.400",
              "1.16.13-gke.1",
              "1.16.11-gke.5",
              "1.16.10-gke.8",
              "1.16.9-gke.6",
              "1.16.9-gke.2",
              "1.16.8-gke.15",
              "1.16.8-gke.12",
              "1.16.8-gke.9",
              "1.15.12-gke.6002",
              "1.15.12-gke.6001",
              "1.15.12-gke.5000",
              "1.15.12-gke.4002",
              "1.15.12-gke.4000",
              "1.15.12-gke.20",
              "1.15.12-gke.17",
              "1.15.12-gke.16",
              "1.15.12-gke.13",
              "1.15.12-gke.9",
              "1.15.12-gke.6",
              "1.15.12-gke.3",
              "1.15.12-gke.2",
              "1.15.11-gke.17",
              "1.15.11-gke.15",
              "1.15.11-gke.13",
              "1.15.11-gke.12",
              "1.15.11-gke.11",
              "1.15.11-gke.9",
              "1.15.11-gke.5",
              "1.15.11-gke.3",
              "1.15.11-gke.1",
              "1.15.9-gke.26",
              "1.15.9-gke.24",
              "1.15.9-gke.22",
              "1.15.9-gke.12",
              "1.15.9-gke.9",
              "1.15.9-gke.8",
              "1.15.8-gke.3",
              "1.15.8-gke.2",
              "1.15.7-gke.23",
              "1.15.7-gke.2",
              "1.15.4-gke.22",
              "1.14.10-gke.1504",
              "1.14.10-gke.902",
              "1.14.10-gke.50",
              "1.14.10-gke.46",
              "1.14.10-gke.45",
              "1.14.10-gke.42",
              "1.14.10-gke.41",
              "1.14.10-gke.40",
              "1.14.10-gke.37",
              "1.14.10-gke.36",
              "1.14.10-gke.34",
              "1.14.10-gke.32",
              "1.14.10-gke.31",
              "1.14.10-gke.27",
              "1.14.10-gke.24",
              "1.14.10-gke.22",
              "1.14.10-gke.21",
              "1.14.10-gke.17",
              "1.14.10-gke.0",
              "1.14.9-gke.23",
              "1.14.9-gke.2",
              "1.14.9-gke.0",
              "1.14.8-gke.33",
              "1.14.8-gke.21",
              "1.14.8-gke.18",
              "1.14.8-gke.17",
              "1.14.8-gke.14",
              "1.14.8-gke.12",
              "1.14.8-gke.7",
              "1.14.8-gke.2",
              "1.14.7-gke.40",
              "1.14.7-gke.25",
              "1.14.7-gke.23",
              "1.14.7-gke.17",
              "1.14.7-gke.14",
              "1.14.7-gke.10",
              "1.14.6-gke.13",
              "1.14.6-gke.2",
              "1.14.6-gke.1",
              "1.14.3-gke.11",
              "1.14.3-gke.10",
              "1.14.3-gke.9",
              "1.14.2-gke.9",
              "1.14.1-gke.5",
              "1.13.12-gke.30",
              "1.13.12-gke.25",
              "1.13.12-gke.17",
              "1.13.12-gke.16",
              "1.13.12-gke.14",
              "1.13.12-gke.13",
              "1.13.12-gke.10",
              "1.13.12-gke.8",
              "1.13.12-gke.4",
              "1.13.12-gke.2",
              "1.13.11-gke.23",
              "1.13.11-gke.15",
              "1.13.11-gke.14",
              "1.13.11-gke.12",
              "1.13.11-gke.11",
              "1.13.11-gke.9",
              "1.13.11-gke.5",
              "1.13.10-gke.7",
              "1.13.10-gke.0",
              "1.13.9-gke.11",
              "1.13.9-gke.3",
              "1.13.7-gke.24",
              "1.13.7-gke.19",
              "1.13.7-gke.15",
              "1.13.7-gke.8",
              "1.13.7-gke.0",
              "1.13.6-gke.13",
              "1.13.6-gke.6",
              "1.13.6-gke.5",
              "1.13.6-gke.0",
              "1.13.5-gke.10",
              "1.12.10-gke.22",
              "1.12.10-gke.20",
              "1.12.10-gke.19",
              "1.12.10-gke.18",
              "1.12.10-gke.17",
              "1.12.10-gke.15",
              "1.12.10-gke.13",
              "1.12.10-gke.11",
              "1.12.10-gke.5",
              "1.12.9-gke.16",
              "1.12.9-gke.15",
              "1.12.9-gke.13",
              "1.12.9-gke.10",
              "1.12.9-gke.7",
              "1.12.9-gke.3",
              "1.12.8-gke.12",
              "1.12.8-gke.10",
              "1.12.8-gke.7",
              "1.12.8-gke.6",
              "1.12.7-gke.26",
              "1.12.7-gke.25",
              "1.12.7-gke.24",
              "1.12.7-gke.22",
              "1.12.7-gke.21",
              "1.12.7-gke.17",
              "1.12.7-gke.10",
              "1.12.7-gke.7",
              "1.12.6-gke.11",
              "1.12.6-gke.10",
              "1.12.6-gke.7",
              "1.12.5-gke.10",
              "1.12.5-gke.5",
              "1.11.10-gke.6",
              "1.11.10-gke.5"
            ],
            "version_prefix": null
          },
          "sensitive_attributes": []
        }
      ]
    },
    {
      "module": "module.gke",
      "mode": "managed",
      "type": "google_container_cluster",
      "name": "primary",
      "provider": "provider[\"registry.terraform.io/hashicorp/google\"]",
      "instances": [
        {
          "schema_version": 1,
          "attributes": {
            "addons_config": [
              {
                "cloudrun_config": [],
                "dns_cache_config": [
                  {
                    "enabled": false
                  }
                ],
                "gce_persistent_disk_csi_driver_config": [
                  {
                    "enabled": true
                  }
                ],
                "gcp_filestore_csi_driver_config": [
                  {
                    "enabled": false
                  }
                ],
                "gke_backup_agent_config": [],
                "horizontal_pod_autoscaling": [
                  {
                    "disabled": false
                  }
                ],
                "http_load_balancing": [
                  {
                    "disabled": false
                  }
                ],
                "network_policy_config": [
                  {
                    "disabled": true
                  }
                ]
              }
            ],
            "authenticator_groups_config": [],
            "binary_authorization": [
              {
                "enabled": false,
                "evaluation_mode": ""
              }
            ],
            "cluster_autoscaling": [
              {
                "auto_provisioning_defaults": [],
                "enabled": false,
                "resource_limits": []
              }
            ],
            "cluster_ipv4_cidr": "10.20.0.0/16",
            "confidential_nodes": [],
            "cost_management_config": [],
            "database_encryption": [
              {
                "key_name": "",
                "state": "DECRYPTED"
              }
            ],
            "datapath_provider": "",
            "default_max_pods_per_node": 110,
            "default_snat_status": [
              {
                "disabled": false
              }
            ],
            "description": "",
            "dns_config": [],
            "enable_autopilot": false,
            "enable_binary_authorization": false,
            "enable_intranode_visibility": false,
            "enable_kubernetes_alpha": false,
            "enable_l4_ilb_subsetting": false,
            "enable_legacy_abac": false,
            "enable_shielded_nodes": true,
            "enable_tpu": false,
            "endpoint": "34.131.36.67",
            "gateway_api_config": [],
            "id": "projects/k8s-cluster-398616/locations/asia-south2/clusters/k8s-cluster-dev",
            "initial_node_count": 0,
            "ip_allocation_policy": [
              {
                "cluster_ipv4_cidr_block": "10.20.0.0/16",
                "cluster_secondary_range_name": "ip-range-pods",
                "services_ipv4_cidr_block": "10.30.0.0/16",
                "services_secondary_range_name": "ip-range-services"
              }
            ],
            "label_fingerprint": "a9dc16a7",
            "location": "asia-south2",
            "logging_config": [
              {
                "enable_components": [
                  "SYSTEM_COMPONENTS",
                  "WORKLOADS"
                ]
              }
            ],
            "logging_service": "logging.googleapis.com/kubernetes",
            "maintenance_policy": [
              {
                "daily_maintenance_window": [
                  {
                    "duration": "PT4H0M0S",
                    "start_time": "05:00"
                  }
                ],
                "maintenance_exclusion": [],
                "recurring_window": []
              }
            ],
            "master_auth": [
              {
                "client_certificate": "",
                "client_certificate_config": [
                  {
                    "issue_client_certificate": false
                  }
                ],
                "client_key": "",
                "cluster_ca_certificate": "LS0tLS1CRUdJTiBDRVJUSUZJQ0FURS0tLS0tCk1JSUVMVENDQXBXZ0F3SUJBZ0lSQU9QZnNZaERHMUh4Wnp5ZFZ2T2F3Wjh3RFFZSktvWklodmNOQVFFTEJRQXcKTHpFdE1Dc0dBMVVFQXhNa1lUTmlNR1l4TkdZdE5qTTJNUzAwTVRkaUxUazRNMkV0TkdGallUbGhaamM1TkRaaApNQ0FYRFRJek1URXdOakEwTWpJeE5Wb1lEekl3TlRNeE1ESTVNRFV5TWpFMVdqQXZNUzB3S3dZRFZRUURFeVJoCk0ySXdaakUwWmkwMk16WXhMVFF4TjJJdE9UZ3pZUzAwWVdOaE9XRm1OemswTm1Fd2dnR2lNQTBHQ1NxR1NJYjMKRFFFQkFRVUFBNElCandBd2dnR0tBb0lCZ1FDYURJamNOLzFlNTNRZnZlWC9UenE3UzN2OE1CV1FzanF6dUFhYwpsVDZENVZjeUpDb2lJNnhlTWdZbHdNcGpFcFNlSTY4c0RhUk5pL1R5eE1abi9PN0gvbXRkNCt2Z3ZndHJaR2tWCndCNy91amJTalpaNjh0alRqM25GUEFXcVZNQ2N0STRNMVNVOC9KeVpkYWhrUkpkcmE5cmVHYlQ3UWllcEFJY3oKTXFMYnRXUitWU09vZDQ2UVp3MGtnY21rSlNtcERVWFYxQVdaY2dKa2dHUkpiWmExUkRSbEl2cnBRblJuNmZUSgphZXVSZlQvVEpiVEovVENKNGhteWUvUVlWaVZLQzg1TEY2UmhlZlN5Q1JDTUgzRHhNMkxjL2ZiT1ZrRVlFWTRyClMvMFpCWUdreGllSEtjaCtJNGlUai9xRm5RRXgvall2Uyt5MnVHeHAwS1hRQWNnN01pYUFZblNya3B6TTF4cjgKM0svVlNoM1VxZm5kMk5QU0NSSEIzTW5lTTU1bkxWOGlnT1R2Y1FGMm1ZaEdHRHVKVlVMcnkrakxQakNqbk5ISgpaUWRnaEZaZFFHbm1MVllIMGVXRXN0Y1pJUmNpb0Z6WkZLUElSQ1BGL2N4S3JaTjQ3dDBuTUVVaEUxMlJmOVFtCjN5RTVwS3A2WTJyYTdaZ3ZHQm5WdTBhTk1uY0NBd0VBQWFOQ01FQXdEZ1lEVlIwUEFRSC9CQVFEQWdJRU1BOEcKQTFVZEV3RUIvd1FGTUFNQkFmOHdIUVlEVlIwT0JCWUVGSDRCYk5NZkx3MmJrMmppd2t5ZUVMN1RFenJzTUEwRwpDU3FHU0liM0RRRUJDd1VBQTRJQmdRQjJ2MHQwZTJWTGtWc21STUJZdXY4WUZvL2V5dXRFUnRka1RZd3lqLzJHCkVPVHR2UlR6Rk8yLzl2QmxzcFRvbGFRU0RTaUpzNnBmNUxVQ0NNRkFIN1BQOUZYMzFpaGV0MUNETWtaenF1UzcKbE5FeURJSFd3bUZrUUQ3QnJqOHc0bXg3VXZwaXpXNjR4QjFDYXVDbDA2cnJMM1dXR1JTTUIva3NDcWJ3ZEtySwowOE9tYWJleFd0OEJiRGNtK2RUNzdpdnFuenRsaXF4aWRRTGlPbGFLQ2FhR0E1OWM5YjJqaDZHSDh4OThUbFlSCmFVdGo5UDU1NEtXVVFMY0hWR05ScGkxUzlyQ0ZtRnZTb0pxeXo2Y0Q1ZXkzeVp5a0ZZZldCTm5ORExRSXJ3TGMKWEhsWkxqcFBaWGlKTEFhM1R4SkZ4ZlVlTVI3cEVaMCtVM2hmNEt0azBod0JzZjIxUThFVDNZK2xvWGx4aFlRWQpUdXhBSVIrVXpSVktjYWV6YlpKaUhnTmVuc1JCRkhoQ3Z0NVROcjBFU2h3eTFiM0JNZXZVYUdFcDI4T21qamtzCnpSM3BMRWtlRTZIQ0xWR2Izbk8rMTR0SStScU80THpCbWRRUkJjL0pES3JpMVJDZ2dTV3drc0xhdm9DR3lMdisKRitudlpnQ1NEYW01N2FFTVJsNnNQRFk9Ci0tLS0tRU5EIENFUlRJRklDQVRFLS0tLS0K"
              }
            ],
            "master_authorized_networks_config": [],
            "master_version": "1.27.6-gke.1506000",
            "mesh_certificates": [],
            "min_master_version": "1.27.6-gke.1506000",
            "monitoring_config": [
              {
                "enable_components": [
                  "SYSTEM_COMPONENTS"
                ],
                "managed_prometheus": [
                  {
                    "enabled": true
                  }
                ]
              }
            ],
            "monitoring_service": "monitoring.googleapis.com/kubernetes",
            "name": "k8s-cluster-dev",
            "network": "projects/k8s-cluster-398616/global/networks/gke-network-dev",
            "network_policy": [
              {
                "enabled": false,
                "provider": "PROVIDER_UNSPECIFIED"
              }
            ],
            "networking_mode": "VPC_NATIVE",
            "node_config": [
              {
                "boot_disk_kms_key": "",
                "disk_size_gb": 100,
                "disk_type": "pd-balanced",
                "gcfs_config": [],
                "guest_accelerator": [],
                "gvnic": [],
                "image_type": "COS_CONTAINERD",
                "labels": {},
                "local_ssd_count": 0,
                "logging_variant": "DEFAULT",
                "machine_type": "e2-standard-4",
                "metadata": {
                  "disable-legacy-endpoints": "true"
                },
                "min_cpu_platform": "",
                "node_group": "",
                "oauth_scopes": [
                  "https://www.googleapis.com/auth/cloud-platform",
                  "https://www.googleapis.com/auth/userinfo.email"
                ],
                "preemptible": false,
                "reservation_affinity": [],
                "resource_labels": {},
                "service_account": "tf-gke-k8s-cluster-dev-7wca@k8s-cluster-398616.iam.gserviceaccount.com",
                "shielded_instance_config": [
                  {
                    "enable_integrity_monitoring": true,
                    "enable_secure_boot": false
                  }
                ],
                "spot": false,
                "tags": [
                  "gke-k8s-cluster-dev",
                  "gke-k8s-cluster-dev-default-pool"
                ],
                "taint": [],
                "workload_metadata_config": [
                  {
                    "mode": "GKE_METADATA"
                  }
                ]
              }
            ],
            "node_locations": [
              "asia-south2-a",
              "asia-south2-b",
              "asia-south2-c"
            ],
            "node_pool": [
              {
                "autoscaling": [],
                "initial_node_count": 0,
                "instance_group_urls": [
                  "https://www.googleapis.com/compute/v1/projects/k8s-cluster-398616/zones/asia-south2-a/instanceGroupManagers/gke-k8s-cluster-dev-default-pool-5453f9df-grp",
                  "https://www.googleapis.com/compute/v1/projects/k8s-cluster-398616/zones/asia-south2-b/instanceGroupManagers/gke-k8s-cluster-dev-default-pool-c3f99415-grp",
                  "https://www.googleapis.com/compute/v1/projects/k8s-cluster-398616/zones/asia-south2-c/instanceGroupManagers/gke-k8s-cluster-dev-default-pool-2a4ceb1d-grp"
                ],
                "managed_instance_group_urls": [
                  "https://www.googleapis.com/compute/v1/projects/k8s-cluster-398616/zones/asia-south2-a/instanceGroups/gke-k8s-cluster-dev-default-pool-5453f9df-grp",
                  "https://www.googleapis.com/compute/v1/projects/k8s-cluster-398616/zones/asia-south2-b/instanceGroups/gke-k8s-cluster-dev-default-pool-c3f99415-grp",
                  "https://www.googleapis.com/compute/v1/projects/k8s-cluster-398616/zones/asia-south2-c/instanceGroups/gke-k8s-cluster-dev-default-pool-2a4ceb1d-grp"
                ],
                "management": [
                  {
                    "auto_repair": true,
                    "auto_upgrade": true
                  }
                ],
                "max_pods_per_node": 110,
                "name": "default-pool",
                "name_prefix": "",
                "network_config": [
                  {
                    "create_pod_range": false,
                    "enable_private_nodes": false,
                    "pod_ipv4_cidr_block": "10.20.0.0/16",
                    "pod_range": "ip-range-pods"
                  }
                ],
                "node_config": [
                  {
                    "boot_disk_kms_key": "",
                    "disk_size_gb": 100,
                    "disk_type": "pd-balanced",
                    "gcfs_config": [],
                    "guest_accelerator": [],
                    "gvnic": [],
                    "image_type": "COS_CONTAINERD",
                    "labels": {},
                    "local_ssd_count": 0,
                    "logging_variant": "DEFAULT",
                    "machine_type": "e2-standard-4",
                    "metadata": {
                      "disable-legacy-endpoints": "true"
                    },
                    "min_cpu_platform": "",
                    "node_group": "",
                    "oauth_scopes": [
                      "https://www.googleapis.com/auth/cloud-platform",
                      "https://www.googleapis.com/auth/userinfo.email"
                    ],
                    "preemptible": false,
                    "reservation_affinity": [],
                    "resource_labels": null,
                    "service_account": "tf-gke-k8s-cluster-dev-7wca@k8s-cluster-398616.iam.gserviceaccount.com",
                    "shielded_instance_config": [
                      {
                        "enable_integrity_monitoring": true,
                        "enable_secure_boot": false
                      }
                    ],
                    "spot": false,
                    "tags": [
                      "gke-k8s-cluster-dev",
                      "gke-k8s-cluster-dev-default-pool"
                    ],
                    "taint": [],
                    "workload_metadata_config": [
                      {
                        "mode": "GKE_METADATA"
                      }
                    ]
                  }
                ],
                "node_count": 0,
                "node_locations": [
                  "asia-south2-a",
                  "asia-south2-b",
                  "asia-south2-c"
                ],
                "upgrade_settings": [
                  {
                    "blue_green_settings": [],
                    "max_surge": 1,
                    "max_unavailable": 0,
                    "strategy": "SURGE"
                  }
                ],
                "version": "1.27.6-gke.1506000"
              }
            ],
            "node_pool_defaults": [
              {
                "node_config_defaults": [
                  {
                    "logging_variant": "DEFAULT"
                  }
                ]
              }
            ],
            "node_version": "1.27.6-gke.1506000",
            "notification_config": [
              {
                "pubsub": [
                  {
                    "enabled": false,
                    "filter": [],
                    "topic": ""
                  }
                ]
              }
            ],
            "operation": null,
            "private_cluster_config": [
              {
                "enable_private_endpoint": false,
                "enable_private_nodes": false,
                "master_global_access_config": [
                  {
                    "enabled": false
                  }
                ],
                "master_ipv4_cidr_block": "",
                "peering_name": "",
                "private_endpoint": "10.10.0.2",
                "private_endpoint_subnetwork": "",
                "public_endpoint": "34.131.36.67"
              }
            ],
            "private_ipv6_google_access": "",
            "project": "k8s-cluster-398616",
            "release_channel": [
              {
                "channel": "STABLE"
              }
            ],
            "remove_default_node_pool": false,
            "resource_labels": null,
            "resource_usage_export_config": [],
            "self_link": "https://container.googleapis.com/v1/projects/k8s-cluster-398616/locations/asia-south2/clusters/k8s-cluster-dev",
            "service_external_ips_config": [
              {
                "enabled": false
              }
            ],
            "services_ipv4_cidr": "10.30.0.0/16",
            "subnetwork": "projects/k8s-cluster-398616/regions/asia-south2/subnetworks/gke-subnet-dev",
            "timeouts": {
              "create": "45m",
              "delete": "45m",
              "read": null,
              "update": "45m"
            },
            "tpu_ipv4_cidr_block": "",
            "vertical_pod_autoscaling": [
              {
                "enabled": false
              }
            ],
            "workload_identity_config": [
              {
                "workload_pool": "k8s-cluster-398616.svc.id.goog"
              }
            ]
          },
          "sensitive_attributes": [],
          "private": "eyJlMmJmYjczMC1lY2FhLTExZTYtOGY4OC0zNDM2M2JjN2M0YzAiOnsiY3JlYXRlIjoyNzAwMDAwMDAwMDAwLCJkZWxldGUiOjI3MDAwMDAwMDAwMDAsInJlYWQiOjI0MDAwMDAwMDAwMDAsInVwZGF0ZSI6MjcwMDAwMDAwMDAwMH0sInNjaGVtYV92ZXJzaW9uIjoiMSJ9",
          "dependencies": [
            "module.gcp-network.module.subnets.google_compute_subnetwork.subnetwork",
            "module.gcp-network.module.vpc.google_compute_network.network",
            "module.gke.data.google_compute_zones.available",
            "module.gke.data.google_container_engine_versions.region",
            "module.gke.data.google_container_engine_versions.zone",
            "module.gke.google_service_account.cluster_service_account",
            "module.gke.random_shuffle.available_zones",
            "module.gke.random_string.cluster_service_account_suffix"
          ]
        }
      ]
    },
    {
      "module": "module.gke",
      "mode": "managed",
      "type": "google_container_node_pool",
      "name": "pools",
      "provider": "provider[\"registry.terraform.io/hashicorp/google\"]",
      "instances": [
        {
          "index_key": "node-pool",
          "schema_version": 1,
          "attributes": {
            "autoscaling": [
              {
                "location_policy": "BALANCED",
                "max_node_count": 4,
                "min_node_count": 3,
                "total_max_node_count": 0,
                "total_min_node_count": 0
              }
            ],
            "cluster": "k8s-cluster-dev",
            "id": "projects/k8s-cluster-398616/locations/asia-south2/clusters/k8s-cluster-dev/nodePools/node-pool",
            "initial_node_count": 3,
            "instance_group_urls": [
              "https://www.googleapis.com/compute/v1/projects/k8s-cluster-398616/zones/asia-south2-b/instanceGroupManagers/gke-k8s-cluster-dev-node-pool-82785f29-grp"
            ],
            "location": "asia-south2",
            "managed_instance_group_urls": [
              "https://www.googleapis.com/compute/v1/projects/k8s-cluster-398616/zones/asia-south2-b/instanceGroups/gke-k8s-cluster-dev-node-pool-82785f29-grp"
            ],
            "management": [
              {
                "auto_repair": true,
                "auto_upgrade": true
              }
            ],
            "max_pods_per_node": 110,
            "name": "node-pool",
            "name_prefix": "",
            "network_config": [
              {
                "create_pod_range": false,
                "enable_private_nodes": false,
                "pod_ipv4_cidr_block": "10.20.0.0/16",
                "pod_range": "ip-range-pods"
              }
            ],
            "node_config": [
              {
                "boot_disk_kms_key": "",
                "disk_size_gb": 10,
                "disk_type": "pd-standard",
                "gcfs_config": [],
                "guest_accelerator": [],
                "gvnic": [],
                "image_type": "COS_CONTAINERD",
                "labels": {
                  "cluster_name": "k8s-cluster-dev",
                  "node_pool": "node-pool"
                },
                "local_ssd_count": 0,
                "logging_variant": "DEFAULT",
                "machine_type": "e2-standard-4",
                "metadata": {
                  "cluster_name": "k8s-cluster-dev",
                  "disable-legacy-endpoints": "true",
                  "node_pool": "node-pool"
                },
                "min_cpu_platform": "",
                "node_group": "",
                "oauth_scopes": [
                  "https://www.googleapis.com/auth/cloud-platform"
                ],
                "preemptible": false,
                "reservation_affinity": [],
                "resource_labels": null,
                "service_account": "tf-gke-k8s-cluster-dev-7wca@k8s-cluster-398616.iam.gserviceaccount.com",
                "shielded_instance_config": [
                  {
                    "enable_integrity_monitoring": true,
                    "enable_secure_boot": false
                  }
                ],
                "spot": false,
                "tags": [
                  "gke-k8s-cluster-dev",
                  "gke-k8s-cluster-dev-node-pool"
                ],
                "taint": [],
                "workload_metadata_config": [
                  {
                    "mode": "GKE_METADATA"
                  }
                ]
              }
            ],
            "node_count": 3,
            "node_locations": [
              "asia-south2-b"
            ],
            "operation": null,
            "project": "k8s-cluster-398616",
            "timeouts": {
              "create": "45m",
              "delete": "45m",
              "update": "45m"
            },
            "upgrade_settings": [
              {
                "blue_green_settings": [],
                "max_surge": 1,
                "max_unavailable": 0,
                "strategy": "SURGE"
              }
            ],
            "version": "1.27.6-gke.1506000"
          },
          "sensitive_attributes": [],
          "private": "eyJlMmJmYjczMC1lY2FhLTExZTYtOGY4OC0zNDM2M2JjN2M0YzAiOnsiY3JlYXRlIjoyNzAwMDAwMDAwMDAwLCJkZWxldGUiOjI3MDAwMDAwMDAwMDAsInVwZGF0ZSI6MjcwMDAwMDAwMDAwMH0sInNjaGVtYV92ZXJzaW9uIjoiMSJ9",
          "dependencies": [
            "module.gcp-network.module.subnets.google_compute_subnetwork.subnetwork",
            "module.gcp-network.module.vpc.google_compute_network.network",
            "module.gke.data.google_compute_zones.available",
            "module.gke.data.google_container_engine_versions.region",
            "module.gke.data.google_container_engine_versions.zone",
            "module.gke.google_container_cluster.primary",
            "module.gke.google_service_account.cluster_service_account",
            "module.gke.random_shuffle.available_zones",
            "module.gke.random_string.cluster_service_account_suffix"
          ]
        }
      ]
    },
    {
      "module": "module.gke",
      "mode": "managed",
      "type": "google_project_iam_member",
      "name": "cluster_service_account-log_writer",
      "provider": "provider[\"registry.terraform.io/hashicorp/google\"]",
      "instances": [
        {
          "index_key": 0,
          "schema_version": 0,
          "attributes": {
            "condition": [],
            "etag": "BwYJdQTY3OU=",
            "id": "k8s-cluster-398616/roles/logging.logWriter/serviceAccount:tf-gke-k8s-cluster-dev-7wca@k8s-cluster-398616.iam.gserviceaccount.com",
            "member": "serviceAccount:tf-gke-k8s-cluster-dev-7wca@k8s-cluster-398616.iam.gserviceaccount.com",
            "project": "k8s-cluster-398616",
            "role": "roles/logging.logWriter"
          },
          "sensitive_attributes": [],
          "private": "bnVsbA==",
          "dependencies": [
            "module.gke.google_service_account.cluster_service_account",
            "module.gke.random_string.cluster_service_account_suffix"
          ]
        }
      ]
    },
    {
      "module": "module.gke",
      "mode": "managed",
      "type": "google_project_iam_member",
      "name": "cluster_service_account-metric_writer",
      "provider": "provider[\"registry.terraform.io/hashicorp/google\"]",
      "instances": [
        {
          "index_key": 0,
          "schema_version": 0,
          "attributes": {
            "condition": [],
            "etag": "BwYJdQVyXUc=",
            "id": "k8s-cluster-398616/roles/monitoring.metricWriter/serviceAccount:tf-gke-k8s-cluster-dev-7wca@k8s-cluster-398616.iam.gserviceaccount.com",
            "member": "serviceAccount:tf-gke-k8s-cluster-dev-7wca@k8s-cluster-398616.iam.gserviceaccount.com",
            "project": "k8s-cluster-398616",
            "role": "roles/monitoring.metricWriter"
          },
          "sensitive_attributes": [],
          "private": "bnVsbA==",
          "dependencies": [
            "module.gke.google_project_iam_member.cluster_service_account-log_writer",
            "module.gke.google_service_account.cluster_service_account",
            "module.gke.random_string.cluster_service_account_suffix"
          ]
        }
      ]
    },
    {
      "module": "module.gke",
      "mode": "managed",
      "type": "google_project_iam_member",
      "name": "cluster_service_account-monitoring_viewer",
      "provider": "provider[\"registry.terraform.io/hashicorp/google\"]",
      "instances": [
        {
          "index_key": 0,
          "schema_version": 0,
          "attributes": {
            "condition": [],
            "etag": "BwYJdQYPoSg=",
            "id": "k8s-cluster-398616/roles/monitoring.viewer/serviceAccount:tf-gke-k8s-cluster-dev-7wca@k8s-cluster-398616.iam.gserviceaccount.com",
            "member": "serviceAccount:tf-gke-k8s-cluster-dev-7wca@k8s-cluster-398616.iam.gserviceaccount.com",
            "project": "k8s-cluster-398616",
            "role": "roles/monitoring.viewer"
          },
          "sensitive_attributes": [],
          "private": "bnVsbA==",
          "dependencies": [
            "module.gke.google_project_iam_member.cluster_service_account-log_writer",
            "module.gke.google_project_iam_member.cluster_service_account-metric_writer",
            "module.gke.google_service_account.cluster_service_account",
            "module.gke.random_string.cluster_service_account_suffix"
          ]
        }
      ]
    },
    {
      "module": "module.gke",
      "mode": "managed",
      "type": "google_project_iam_member",
      "name": "cluster_service_account-resourceMetadata-writer",
      "provider": "provider[\"registry.terraform.io/hashicorp/google\"]",
      "instances": [
        {
          "index_key": 0,
          "schema_version": 0,
          "attributes": {
            "condition": [],
            "etag": "BwYJdQaoVtY=",
            "id": "k8s-cluster-398616/roles/stackdriver.resourceMetadata.writer/serviceAccount:tf-gke-k8s-cluster-dev-7wca@k8s-cluster-398616.iam.gserviceaccount.com",
            "member": "serviceAccount:tf-gke-k8s-cluster-dev-7wca@k8s-cluster-398616.iam.gserviceaccount.com",
            "project": "k8s-cluster-398616",
            "role": "roles/stackdriver.resourceMetadata.writer"
          },
          "sensitive_attributes": [],
          "private": "bnVsbA==",
          "dependencies": [
            "module.gke.google_project_iam_member.cluster_service_account-log_writer",
            "module.gke.google_project_iam_member.cluster_service_account-metric_writer",
            "module.gke.google_project_iam_member.cluster_service_account-monitoring_viewer",
            "module.gke.google_service_account.cluster_service_account",
            "module.gke.random_string.cluster_service_account_suffix"
          ]
        }
      ]
    },
    {
      "module": "module.gke",
      "mode": "managed",
      "type": "google_service_account",
      "name": "cluster_service_account",
      "provider": "provider[\"registry.terraform.io/hashicorp/google\"]",
      "instances": [
        {
          "index_key": 0,
          "schema_version": 0,
          "attributes": {
            "account_id": "tf-gke-k8s-cluster-dev-7wca",
            "description": "",
            "disabled": false,
            "display_name": "Terraform-managed service account for cluster k8s-cluster-dev",
            "email": "tf-gke-k8s-cluster-dev-7wca@k8s-cluster-398616.iam.gserviceaccount.com",
            "id": "projects/k8s-cluster-398616/serviceAccounts/tf-gke-k8s-cluster-dev-7wca@k8s-cluster-398616.iam.gserviceaccount.com",
            "member": "serviceAccount:tf-gke-k8s-cluster-dev-7wca@k8s-cluster-398616.iam.gserviceaccount.com",
            "name": "projects/k8s-cluster-398616/serviceAccounts/tf-gke-k8s-cluster-dev-7wca@k8s-cluster-398616.iam.gserviceaccount.com",
            "project": "k8s-cluster-398616",
            "timeouts": null,
            "unique_id": "110525339497125251781"
          },
          "sensitive_attributes": [],
          "private": "eyJlMmJmYjczMC1lY2FhLTExZTYtOGY4OC0zNDM2M2JjN2M0YzAiOnsiY3JlYXRlIjozMDAwMDAwMDAwMDB9fQ==",
          "dependencies": [
            "module.gke.random_string.cluster_service_account_suffix"
          ]
        }
      ]
    },
    {
      "module": "module.gke",
      "mode": "managed",
      "type": "random_shuffle",
      "name": "available_zones",
      "provider": "provider[\"registry.terraform.io/hashicorp/random\"]",
      "instances": [
        {
          "schema_version": 0,
          "attributes": {
            "id": "-",
            "input": [
              "asia-south2-a",
              "asia-south2-b",
              "asia-south2-c"
            ],
            "keepers": null,
            "result": [
              "asia-south2-a",
              "asia-south2-c",
              "asia-south2-b"
            ],
            "result_count": 3,
            "seed": null
          },
          "sensitive_attributes": [],
          "dependencies": [
            "module.gke.data.google_compute_zones.available"
          ]
        }
      ]
    },
    {
      "module": "module.gke",
      "mode": "managed",
      "type": "random_string",
      "name": "cluster_service_account_suffix",
      "provider": "provider[\"registry.terraform.io/hashicorp/random\"]",
      "instances": [
        {
          "schema_version": 2,
          "attributes": {
            "id": "7wca",
            "keepers": null,
            "length": 4,
            "lower": true,
            "min_lower": 0,
            "min_numeric": 0,
            "min_special": 0,
            "min_upper": 0,
            "number": true,
            "numeric": true,
            "override_special": null,
            "result": "7wca",
            "special": false,
            "upper": false
          },
          "sensitive_attributes": []
        }
      ]
    },
    {
      "module": "module.gke_auth",
      "mode": "data",
      "type": "google_client_config",
      "name": "provider",
      "provider": "provider[\"registry.terraform.io/hashicorp/google\"]",
      "instances": [
        {
          "schema_version": 0,
          "attributes": {
            "access_token": "ya29.a0AfB_byBgiYriB42v_na0obJ6JbgRGztHwja8OLTkdBK_Igh9GXYv2fQ5LQXCFa3lNjwxJSWkJ4zNZQuc4fWe3ao0gWNO0CwD8aY2aEQ3suvasgc-jl_XDOz_ikKWb4C4dsmoTYqJqc1QNiBSduMAaSYmhieBFXXIHI63GGYaCgYKAXcSARASFQGOcNnCEeyL0L4gv2XOyFLfGd1jxQ0174",
            "id": "projects//regions//zones/",
            "project": "",
            "region": "",
            "zone": ""
          },
          "sensitive_attributes": []
        }
      ]
    },
    {
      "module": "module.gke_auth",
      "mode": "data",
      "type": "google_container_cluster",
      "name": "gke_cluster",
      "provider": "provider[\"registry.terraform.io/hashicorp/google\"]",
      "instances": [
        {
          "schema_version": 0,
          "attributes": {
            "addons_config": [
              {
                "cloudrun_config": [],
                "dns_cache_config": [
                  {
                    "enabled": false
                  }
                ],
                "gce_persistent_disk_csi_driver_config": [
                  {
                    "enabled": true
                  }
                ],
                "gcp_filestore_csi_driver_config": [
                  {
                    "enabled": false
                  }
                ],
                "gke_backup_agent_config": [],
                "horizontal_pod_autoscaling": [
                  {
                    "disabled": false
                  }
                ],
                "http_load_balancing": [
                  {
                    "disabled": false
                  }
                ],
                "network_policy_config": [
                  {
                    "disabled": true
                  }
                ]
              }
            ],
            "authenticator_groups_config": [],
            "binary_authorization": [
              {
                "enabled": false,
                "evaluation_mode": ""
              }
            ],
            "cluster_autoscaling": [
              {
                "auto_provisioning_defaults": [],
                "enabled": false,
                "resource_limits": []
              }
            ],
            "cluster_ipv4_cidr": "10.20.0.0/16",
            "confidential_nodes": [],
            "cost_management_config": [],
            "database_encryption": [
              {
                "key_name": "",
                "state": "DECRYPTED"
              }
            ],
            "datapath_provider": "",
            "default_max_pods_per_node": 110,
            "default_snat_status": [
              {
                "disabled": false
              }
            ],
            "description": "",
            "dns_config": [],
            "enable_autopilot": false,
            "enable_binary_authorization": false,
            "enable_intranode_visibility": false,
            "enable_kubernetes_alpha": false,
            "enable_l4_ilb_subsetting": false,
            "enable_legacy_abac": false,
            "enable_shielded_nodes": true,
            "enable_tpu": false,
            "endpoint": "34.131.36.67",
            "gateway_api_config": [],
            "id": "projects/k8s-cluster-398616/locations/asia-south2/clusters/k8s-cluster-dev",
            "initial_node_count": 0,
            "ip_allocation_policy": [
              {
                "cluster_ipv4_cidr_block": "10.20.0.0/16",
                "cluster_secondary_range_name": "ip-range-pods",
                "services_ipv4_cidr_block": "10.30.0.0/16",
                "services_secondary_range_name": "ip-range-services"
              }
            ],
            "label_fingerprint": "a9dc16a7",
            "location": "asia-south2",
            "logging_config": [
              {
                "enable_components": [
                  "SYSTEM_COMPONENTS",
                  "WORKLOADS"
                ]
              }
            ],
            "logging_service": "logging.googleapis.com/kubernetes",
            "maintenance_policy": [
              {
                "daily_maintenance_window": [
                  {
                    "duration": "PT4H0M0S",
                    "start_time": "05:00"
                  }
                ],
                "maintenance_exclusion": [],
                "recurring_window": []
              }
            ],
            "master_auth": [
              {
                "client_certificate": "",
                "client_certificate_config": [
                  {
                    "issue_client_certificate": false
                  }
                ],
                "client_key": "",
                "cluster_ca_certificate": "LS0tLS1CRUdJTiBDRVJUSUZJQ0FURS0tLS0tCk1JSUVMVENDQXBXZ0F3SUJBZ0lSQU9QZnNZaERHMUh4Wnp5ZFZ2T2F3Wjh3RFFZSktvWklodmNOQVFFTEJRQXcKTHpFdE1Dc0dBMVVFQXhNa1lUTmlNR1l4TkdZdE5qTTJNUzAwTVRkaUxUazRNMkV0TkdGallUbGhaamM1TkRaaApNQ0FYRFRJek1URXdOakEwTWpJeE5Wb1lEekl3TlRNeE1ESTVNRFV5TWpFMVdqQXZNUzB3S3dZRFZRUURFeVJoCk0ySXdaakUwWmkwMk16WXhMVFF4TjJJdE9UZ3pZUzAwWVdOaE9XRm1OemswTm1Fd2dnR2lNQTBHQ1NxR1NJYjMKRFFFQkFRVUFBNElCandBd2dnR0tBb0lCZ1FDYURJamNOLzFlNTNRZnZlWC9UenE3UzN2OE1CV1FzanF6dUFhYwpsVDZENVZjeUpDb2lJNnhlTWdZbHdNcGpFcFNlSTY4c0RhUk5pL1R5eE1abi9PN0gvbXRkNCt2Z3ZndHJaR2tWCndCNy91amJTalpaNjh0alRqM25GUEFXcVZNQ2N0STRNMVNVOC9KeVpkYWhrUkpkcmE5cmVHYlQ3UWllcEFJY3oKTXFMYnRXUitWU09vZDQ2UVp3MGtnY21rSlNtcERVWFYxQVdaY2dKa2dHUkpiWmExUkRSbEl2cnBRblJuNmZUSgphZXVSZlQvVEpiVEovVENKNGhteWUvUVlWaVZLQzg1TEY2UmhlZlN5Q1JDTUgzRHhNMkxjL2ZiT1ZrRVlFWTRyClMvMFpCWUdreGllSEtjaCtJNGlUai9xRm5RRXgvall2Uyt5MnVHeHAwS1hRQWNnN01pYUFZblNya3B6TTF4cjgKM0svVlNoM1VxZm5kMk5QU0NSSEIzTW5lTTU1bkxWOGlnT1R2Y1FGMm1ZaEdHRHVKVlVMcnkrakxQakNqbk5ISgpaUWRnaEZaZFFHbm1MVllIMGVXRXN0Y1pJUmNpb0Z6WkZLUElSQ1BGL2N4S3JaTjQ3dDBuTUVVaEUxMlJmOVFtCjN5RTVwS3A2WTJyYTdaZ3ZHQm5WdTBhTk1uY0NBd0VBQWFOQ01FQXdEZ1lEVlIwUEFRSC9CQVFEQWdJRU1BOEcKQTFVZEV3RUIvd1FGTUFNQkFmOHdIUVlEVlIwT0JCWUVGSDRCYk5NZkx3MmJrMmppd2t5ZUVMN1RFenJzTUEwRwpDU3FHU0liM0RRRUJDd1VBQTRJQmdRQjJ2MHQwZTJWTGtWc21STUJZdXY4WUZvL2V5dXRFUnRka1RZd3lqLzJHCkVPVHR2UlR6Rk8yLzl2QmxzcFRvbGFRU0RTaUpzNnBmNUxVQ0NNRkFIN1BQOUZYMzFpaGV0MUNETWtaenF1UzcKbE5FeURJSFd3bUZrUUQ3QnJqOHc0bXg3VXZwaXpXNjR4QjFDYXVDbDA2cnJMM1dXR1JTTUIva3NDcWJ3ZEtySwowOE9tYWJleFd0OEJiRGNtK2RUNzdpdnFuenRsaXF4aWRRTGlPbGFLQ2FhR0E1OWM5YjJqaDZHSDh4OThUbFlSCmFVdGo5UDU1NEtXVVFMY0hWR05ScGkxUzlyQ0ZtRnZTb0pxeXo2Y0Q1ZXkzeVp5a0ZZZldCTm5ORExRSXJ3TGMKWEhsWkxqcFBaWGlKTEFhM1R4SkZ4ZlVlTVI3cEVaMCtVM2hmNEt0azBod0JzZjIxUThFVDNZK2xvWGx4aFlRWQpUdXhBSVIrVXpSVktjYWV6YlpKaUhnTmVuc1JCRkhoQ3Z0NVROcjBFU2h3eTFiM0JNZXZVYUdFcDI4T21qamtzCnpSM3BMRWtlRTZIQ0xWR2Izbk8rMTR0SStScU80THpCbWRRUkJjL0pES3JpMVJDZ2dTV3drc0xhdm9DR3lMdisKRitudlpnQ1NEYW01N2FFTVJsNnNQRFk9Ci0tLS0tRU5EIENFUlRJRklDQVRFLS0tLS0K"
              }
            ],
            "master_authorized_networks_config": [],
            "master_version": "1.27.6-gke.1506000",
            "mesh_certificates": [],
            "min_master_version": null,
            "monitoring_config": [
              {
                "enable_components": [
                  "SYSTEM_COMPONENTS"
                ],
                "managed_prometheus": [
                  {
                    "enabled": true
                  }
                ]
              }
            ],
            "monitoring_service": "monitoring.googleapis.com/kubernetes",
            "name": "k8s-cluster-dev",
            "network": "projects/k8s-cluster-398616/global/networks/gke-network-dev",
            "network_policy": [
              {
                "enabled": false,
                "provider": "PROVIDER_UNSPECIFIED"
              }
            ],
            "networking_mode": "VPC_NATIVE",
            "node_config": [
              {
                "boot_disk_kms_key": "",
                "disk_size_gb": 100,
                "disk_type": "pd-balanced",
                "gcfs_config": [],
                "guest_accelerator": [],
                "gvnic": [],
                "image_type": "COS_CONTAINERD",
                "labels": {},
                "local_ssd_count": 0,
                "logging_variant": "DEFAULT",
                "machine_type": "e2-standard-4",
                "metadata": {
                  "disable-legacy-endpoints": "true"
                },
                "min_cpu_platform": "",
                "node_group": "",
                "oauth_scopes": [
                  "https://www.googleapis.com/auth/cloud-platform",
                  "https://www.googleapis.com/auth/userinfo.email"
                ],
                "preemptible": false,
                "reservation_affinity": [],
                "resource_labels": {},
                "service_account": "tf-gke-k8s-cluster-dev-7wca@k8s-cluster-398616.iam.gserviceaccount.com",
                "shielded_instance_config": [
                  {
                    "enable_integrity_monitoring": true,
                    "enable_secure_boot": false
                  }
                ],
                "spot": false,
                "tags": [
                  "gke-k8s-cluster-dev",
                  "gke-k8s-cluster-dev-default-pool"
                ],
                "taint": [],
                "workload_metadata_config": [
                  {
                    "mode": "GKE_METADATA"
                  }
                ]
              }
            ],
            "node_locations": [
              "asia-south2-a",
              "asia-south2-b",
              "asia-south2-c"
            ],
            "node_pool": [
              {
                "autoscaling": [],
                "initial_node_count": 0,
                "instance_group_urls": [
                  "https://www.googleapis.com/compute/v1/projects/k8s-cluster-398616/zones/asia-south2-a/instanceGroupManagers/gke-k8s-cluster-dev-default-pool-5453f9df-grp",
                  "https://www.googleapis.com/compute/v1/projects/k8s-cluster-398616/zones/asia-south2-b/instanceGroupManagers/gke-k8s-cluster-dev-default-pool-c3f99415-grp",
                  "https://www.googleapis.com/compute/v1/projects/k8s-cluster-398616/zones/asia-south2-c/instanceGroupManagers/gke-k8s-cluster-dev-default-pool-2a4ceb1d-grp"
                ],
                "managed_instance_group_urls": [
                  "https://www.googleapis.com/compute/v1/projects/k8s-cluster-398616/zones/asia-south2-a/instanceGroups/gke-k8s-cluster-dev-default-pool-5453f9df-grp",
                  "https://www.googleapis.com/compute/v1/projects/k8s-cluster-398616/zones/asia-south2-b/instanceGroups/gke-k8s-cluster-dev-default-pool-c3f99415-grp",
                  "https://www.googleapis.com/compute/v1/projects/k8s-cluster-398616/zones/asia-south2-c/instanceGroups/gke-k8s-cluster-dev-default-pool-2a4ceb1d-grp"
                ],
                "management": [
                  {
                    "auto_repair": true,
                    "auto_upgrade": true
                  }
                ],
                "max_pods_per_node": 110,
                "name": "default-pool",
                "name_prefix": "",
                "network_config": [
                  {
                    "create_pod_range": false,
                    "enable_private_nodes": false,
                    "pod_ipv4_cidr_block": "10.20.0.0/16",
                    "pod_range": "ip-range-pods"
                  }
                ],
                "node_config": [
                  {
                    "boot_disk_kms_key": "",
                    "disk_size_gb": 100,
                    "disk_type": "pd-balanced",
                    "gcfs_config": [],
                    "guest_accelerator": [],
                    "gvnic": [],
                    "image_type": "COS_CONTAINERD",
                    "labels": {},
                    "local_ssd_count": 0,
                    "logging_variant": "DEFAULT",
                    "machine_type": "e2-standard-4",
                    "metadata": {
                      "disable-legacy-endpoints": "true"
                    },
                    "min_cpu_platform": "",
                    "node_group": "",
                    "oauth_scopes": [
                      "https://www.googleapis.com/auth/cloud-platform",
                      "https://www.googleapis.com/auth/userinfo.email"
                    ],
                    "preemptible": false,
                    "reservation_affinity": [],
                    "resource_labels": {},
                    "service_account": "tf-gke-k8s-cluster-dev-7wca@k8s-cluster-398616.iam.gserviceaccount.com",
                    "shielded_instance_config": [
                      {
                        "enable_integrity_monitoring": true,
                        "enable_secure_boot": false
                      }
                    ],
                    "spot": false,
                    "tags": [
                      "gke-k8s-cluster-dev",
                      "gke-k8s-cluster-dev-default-pool"
                    ],
                    "taint": [],
                    "workload_metadata_config": [
                      {
                        "mode": "GKE_METADATA"
                      }
                    ]
                  }
                ],
                "node_count": 0,
                "node_locations": [
                  "asia-south2-a",
                  "asia-south2-b",
                  "asia-south2-c"
                ],
                "upgrade_settings": [
                  {
                    "blue_green_settings": [],
                    "max_surge": 1,
                    "max_unavailable": 0,
                    "strategy": "SURGE"
                  }
                ],
                "version": "1.27.6-gke.1506000"
              },
              {
                "autoscaling": [
                  {
                    "location_policy": "BALANCED",
                    "max_node_count": 4,
                    "min_node_count": 3,
                    "total_max_node_count": 0,
                    "total_min_node_count": 0
                  }
                ],
                "initial_node_count": 3,
                "instance_group_urls": [
                  "https://www.googleapis.com/compute/v1/projects/k8s-cluster-398616/zones/asia-south2-b/instanceGroupManagers/gke-k8s-cluster-dev-node-pool-82785f29-grp"
                ],
                "managed_instance_group_urls": [
                  "https://www.googleapis.com/compute/v1/projects/k8s-cluster-398616/zones/asia-south2-b/instanceGroups/gke-k8s-cluster-dev-node-pool-82785f29-grp"
                ],
                "management": [
                  {
                    "auto_repair": true,
                    "auto_upgrade": true
                  }
                ],
                "max_pods_per_node": 110,
                "name": "node-pool",
                "name_prefix": "",
                "network_config": [
                  {
                    "create_pod_range": false,
                    "enable_private_nodes": false,
                    "pod_ipv4_cidr_block": "10.20.0.0/16",
                    "pod_range": "ip-range-pods"
                  }
                ],
                "node_config": [
                  {
                    "boot_disk_kms_key": "",
                    "disk_size_gb": 10,
                    "disk_type": "pd-standard",
                    "gcfs_config": [],
                    "guest_accelerator": [],
                    "gvnic": [],
                    "image_type": "COS_CONTAINERD",
                    "labels": {
                      "cluster_name": "k8s-cluster-dev",
                      "node_pool": "node-pool"
                    },
                    "local_ssd_count": 0,
                    "logging_variant": "DEFAULT",
                    "machine_type": "e2-standard-4",
                    "metadata": {
                      "cluster_name": "k8s-cluster-dev",
                      "disable-legacy-endpoints": "true",
                      "node_pool": "node-pool"
                    },
                    "min_cpu_platform": "",
                    "node_group": "",
                    "oauth_scopes": [
                      "https://www.googleapis.com/auth/cloud-platform"
                    ],
                    "preemptible": false,
                    "reservation_affinity": [],
                    "resource_labels": {},
                    "service_account": "tf-gke-k8s-cluster-dev-7wca@k8s-cluster-398616.iam.gserviceaccount.com",
                    "shielded_instance_config": [
                      {
                        "enable_integrity_monitoring": true,
                        "enable_secure_boot": false
                      }
                    ],
                    "spot": false,
                    "tags": [
                      "gke-k8s-cluster-dev",
                      "gke-k8s-cluster-dev-node-pool"
                    ],
                    "taint": [],
                    "workload_metadata_config": [
                      {
                        "mode": "GKE_METADATA"
                      }
                    ]
                  }
                ],
                "node_count": 3,
                "node_locations": [
                  "asia-south2-b"
                ],
                "upgrade_settings": [
                  {
                    "blue_green_settings": [],
                    "max_surge": 1,
                    "max_unavailable": 0,
                    "strategy": "SURGE"
                  }
                ],
                "version": "1.27.6-gke.1506000"
              }
            ],
            "node_pool_defaults": [
              {
                "node_config_defaults": [
                  {
                    "logging_variant": "DEFAULT"
                  }
                ]
              }
            ],
            "node_version": "1.27.6-gke.1506000",
            "notification_config": [
              {
                "pubsub": [
                  {
                    "enabled": false,
                    "filter": [],
                    "topic": ""
                  }
                ]
              }
            ],
            "operation": null,
            "private_cluster_config": [
              {
                "enable_private_endpoint": false,
                "enable_private_nodes": false,
                "master_global_access_config": [
                  {
                    "enabled": false
                  }
                ],
                "master_ipv4_cidr_block": "",
                "peering_name": "",
                "private_endpoint": "10.10.0.2",
                "private_endpoint_subnetwork": "",
                "public_endpoint": "34.131.36.67"
              }
            ],
            "private_ipv6_google_access": "",
            "project": "k8s-cluster-398616",
            "release_channel": [
              {
                "channel": "STABLE"
              }
            ],
            "remove_default_node_pool": null,
            "resource_labels": {},
            "resource_usage_export_config": [],
            "self_link": "https://container.googleapis.com/v1/projects/k8s-cluster-398616/locations/asia-south2/clusters/k8s-cluster-dev",
            "service_external_ips_config": [
              {
                "enabled": false
              }
            ],
            "services_ipv4_cidr": "10.30.0.0/16",
            "subnetwork": "projects/k8s-cluster-398616/regions/asia-south2/subnetworks/gke-subnet-dev",
            "tpu_ipv4_cidr_block": "",
            "vertical_pod_autoscaling": [
              {
                "enabled": false
              }
            ],
            "workload_identity_config": [
              {
                "workload_pool": "k8s-cluster-398616.svc.id.goog"
              }
            ]
          },
          "sensitive_attributes": []
        }
      ]
    }
  ],
  "check_results": []
}
